// !$*UTF8*$!
{
	archiveVersion = 1;
	classes = {
	};
	objectVersion = 50;
	objects = {

/* Begin PBXBuildFile section */
		9CE706B925A090720019B875 /* AppDelegate.swift in Sources */ = {isa = PBXBuildFile; fileRef = 9CE706B825A090720019B875 /* AppDelegate.swift */; };
		9CE706BB25A090720019B875 /* SceneDelegate.swift in Sources */ = {isa = PBXBuildFile; fileRef = 9CE706BA25A090720019B875 /* SceneDelegate.swift */; };
		9CE706BD25A090720019B875 /* ViewController.swift in Sources */ = {isa = PBXBuildFile; fileRef = 9CE706BC25A090720019B875 /* ViewController.swift */; };
		9CE706C025A090720019B875 /* Main.storyboard in Resources */ = {isa = PBXBuildFile; fileRef = 9CE706BE25A090720019B875 /* Main.storyboard */; };
		9CE706C225A090740019B875 /* Assets.xcassets in Resources */ = {isa = PBXBuildFile; fileRef = 9CE706C125A090740019B875 /* Assets.xcassets */; };
		9CE706C525A090740019B875 /* LaunchScreen.storyboard in Resources */ = {isa = PBXBuildFile; fileRef = 9CE706C325A090740019B875 /* LaunchScreen.storyboard */; };
		9CE706D025A090740019B875 /* AppStartupTests.swift in Sources */ = {isa = PBXBuildFile; fileRef = 9CE706CF25A090740019B875 /* AppStartupTests.swift */; };
		9CE706DB25A090740019B875 /* AppStartupUITests.swift in Sources */ = {isa = PBXBuildFile; fileRef = 9CE706DA25A090740019B875 /* AppStartupUITests.swift */; };
		9CE706F425A090CE0019B875 /* main.swift in Sources */ = {isa = PBXBuildFile; fileRef = 9CE706F325A090CE0019B875 /* main.swift */; };
/* End PBXBuildFile section */

/* Begin PBXContainerItemProxy section */
		9CE706CC25A090740019B875 /* PBXContainerItemProxy */ = {
			isa = PBXContainerItemProxy;
			containerPortal = 9CE706AD25A090720019B875 /* Project object */;
			proxyType = 1;
			remoteGlobalIDString = 9CE706B425A090720019B875;
			remoteInfo = AppStartup;
		};
		9CE706D725A090740019B875 /* PBXContainerItemProxy */ = {
			isa = PBXContainerItemProxy;
			containerPortal = 9CE706AD25A090720019B875 /* Project object */;
			proxyType = 1;
			remoteGlobalIDString = 9CE706B425A090720019B875;
			remoteInfo = AppStartup;
		};
/* End PBXContainerItemProxy section */

/* Begin PBXFileReference section */
		9CE706B525A090720019B875 /* AppStartup.app */ = {isa = PBXFileReference; explicitFileType = wrapper.application; includeInIndex = 0; path = AppStartup.app; sourceTree = BUILT_PRODUCTS_DIR; };
		9CE706B825A090720019B875 /* AppDelegate.swift */ = {isa = PBXFileReference; lastKnownFileType = sourcecode.swift; path = AppDelegate.swift; sourceTree = "<group>"; };
		9CE706BA25A090720019B875 /* SceneDelegate.swift */ = {isa = PBXFileReference; lastKnownFileType = sourcecode.swift; path = SceneDelegate.swift; sourceTree = "<group>"; };
		9CE706BC25A090720019B875 /* ViewController.swift */ = {isa = PBXFileReference; lastKnownFileType = sourcecode.swift; path = ViewController.swift; sourceTree = "<group>"; };
		9CE706BF25A090720019B875 /* Base */ = {isa = PBXFileReference; lastKnownFileType = file.storyboard; name = Base; path = Base.lproj/Main.storyboard; sourceTree = "<group>"; };
		9CE706C125A090740019B875 /* Assets.xcassets */ = {isa = PBXFileReference; lastKnownFileType = folder.assetcatalog; path = Assets.xcassets; sourceTree = "<group>"; };
		9CE706C425A090740019B875 /* Base */ = {isa = PBXFileReference; lastKnownFileType = file.storyboard; name = Base; path = Base.lproj/LaunchScreen.storyboard; sourceTree = "<group>"; };
		9CE706C625A090740019B875 /* Info.plist */ = {isa = PBXFileReference; lastKnownFileType = text.plist.xml; path = Info.plist; sourceTree = "<group>"; };
		9CE706CB25A090740019B875 /* AppStartupTests.xctest */ = {isa = PBXFileReference; explicitFileType = wrapper.cfbundle; includeInIndex = 0; path = AppStartupTests.xctest; sourceTree = BUILT_PRODUCTS_DIR; };
		9CE706CF25A090740019B875 /* AppStartupTests.swift */ = {isa = PBXFileReference; lastKnownFileType = sourcecode.swift; path = AppStartupTests.swift; sourceTree = "<group>"; };
		9CE706D125A090740019B875 /* Info.plist */ = {isa = PBXFileReference; lastKnownFileType = text.plist.xml; path = Info.plist; sourceTree = "<group>"; };
		9CE706D625A090740019B875 /* AppStartupUITests.xctest */ = {isa = PBXFileReference; explicitFileType = wrapper.cfbundle; includeInIndex = 0; path = AppStartupUITests.xctest; sourceTree = BUILT_PRODUCTS_DIR; };
		9CE706DA25A090740019B875 /* AppStartupUITests.swift */ = {isa = PBXFileReference; lastKnownFileType = sourcecode.swift; path = AppStartupUITests.swift; sourceTree = "<group>"; };
		9CE706DC25A090740019B875 /* Info.plist */ = {isa = PBXFileReference; lastKnownFileType = text.plist.xml; path = Info.plist; sourceTree = "<group>"; };
		9CE706F325A090CE0019B875 /* main.swift */ = {isa = PBXFileReference; lastKnownFileType = sourcecode.swift; path = main.swift; sourceTree = "<group>"; };
/* End PBXFileReference section */

/* Begin PBXFrameworksBuildPhase section */
		9CE706B225A090720019B875 /* Frameworks */ = {
			isa = PBXFrameworksBuildPhase;
			buildActionMask = 2147483647;
			files = (
			);
			runOnlyForDeploymentPostprocessing = 0;
		};
		9CE706C825A090740019B875 /* Frameworks */ = {
			isa = PBXFrameworksBuildPhase;
			buildActionMask = 2147483647;
			files = (
			);
			runOnlyForDeploymentPostprocessing = 0;
		};
		9CE706D325A090740019B875 /* Frameworks */ = {
			isa = PBXFrameworksBuildPhase;
			buildActionMask = 2147483647;
			files = (
			);
			runOnlyForDeploymentPostprocessing = 0;
		};
/* End PBXFrameworksBuildPhase section */

/* Begin PBXGroup section */
		9CE706AC25A090720019B875 = {
			isa = PBXGroup;
			children = (
				9CE706B725A090720019B875 /* AppStartup */,
				9CE706CE25A090740019B875 /* AppStartupTests */,
				9CE706D925A090740019B875 /* AppStartupUITests */,
				9CE706B625A090720019B875 /* Products */,
			);
			sourceTree = "<group>";
		};
		9CE706B625A090720019B875 /* Products */ = {
			isa = PBXGroup;
			children = (
				9CE706B525A090720019B875 /* AppStartup.app */,
				9CE706CB25A090740019B875 /* AppStartupTests.xctest */,
				9CE706D625A090740019B875 /* AppStartupUITests.xctest */,
			);
			name = Products;
			sourceTree = "<group>";
		};
		9CE706B725A090720019B875 /* AppStartup */ = {
			isa = PBXGroup;
			children = (
				9CE706B825A090720019B875 /* AppDelegate.swift */,
				9CE706BA25A090720019B875 /* SceneDelegate.swift */,
				9CE706BC25A090720019B875 /* ViewController.swift */,
				9CE706BE25A090720019B875 /* Main.storyboard */,
				9CE706C125A090740019B875 /* Assets.xcassets */,
				9CE706C325A090740019B875 /* LaunchScreen.storyboard */,
				9CE706C625A090740019B875 /* Info.plist */,
				9CE706F325A090CE0019B875 /* main.swift */,
			);
			path = AppStartup;
			sourceTree = "<group>";
		};
		9CE706CE25A090740019B875 /* AppStartupTests */ = {
			isa = PBXGroup;
			children = (
				9CE706CF25A090740019B875 /* AppStartupTests.swift */,
				9CE706D125A090740019B875 /* Info.plist */,
			);
			path = AppStartupTests;
			sourceTree = "<group>";
		};
		9CE706D925A090740019B875 /* AppStartupUITests */ = {
			isa = PBXGroup;
			children = (
				9CE706DA25A090740019B875 /* AppStartupUITests.swift */,
				9CE706DC25A090740019B875 /* Info.plist */,
			);
			path = AppStartupUITests;
			sourceTree = "<group>";
		};
/* End PBXGroup section */

/* Begin PBXNativeTarget section */
		9CE706B425A090720019B875 /* AppStartup */ = {
			isa = PBXNativeTarget;
			buildConfigurationList = 9CE706DF25A090740019B875 /* Build configuration list for PBXNativeTarget "AppStartup" */;
			buildPhases = (
				9CE706B125A090720019B875 /* Sources */,
				9CE706B225A090720019B875 /* Frameworks */,
				9CE706B325A090720019B875 /* Resources */,
			);
			buildRules = (
			);
			dependencies = (
			);
			name = AppStartup;
			productName = AppStartup;
			productReference = 9CE706B525A090720019B875 /* AppStartup.app */;
			productType = "com.apple.product-type.application";
		};
		9CE706CA25A090740019B875 /* AppStartupTests */ = {
			isa = PBXNativeTarget;
			buildConfigurationList = 9CE706E225A090740019B875 /* Build configuration list for PBXNativeTarget "AppStartupTests" */;
			buildPhases = (
				9CE706C725A090740019B875 /* Sources */,
				9CE706C825A090740019B875 /* Frameworks */,
				9CE706C925A090740019B875 /* Resources */,
			);
			buildRules = (
			);
			dependencies = (
				9CE706CD25A090740019B875 /* PBXTargetDependency */,
			);
			name = AppStartupTests;
			productName = AppStartupTests;
			productReference = 9CE706CB25A090740019B875 /* AppStartupTests.xctest */;
			productType = "com.apple.product-type.bundle.unit-test";
		};
		9CE706D525A090740019B875 /* AppStartupUITests */ = {
			isa = PBXNativeTarget;
			buildConfigurationList = 9CE706E525A090740019B875 /* Build configuration list for PBXNativeTarget "AppStartupUITests" */;
			buildPhases = (
				9CE706D225A090740019B875 /* Sources */,
				9CE706D325A090740019B875 /* Frameworks */,
				9CE706D425A090740019B875 /* Resources */,
			);
			buildRules = (
			);
			dependencies = (
				9CE706D825A090740019B875 /* PBXTargetDependency */,
			);
			name = AppStartupUITests;
			productName = AppStartupUITests;
			productReference = 9CE706D625A090740019B875 /* AppStartupUITests.xctest */;
			productType = "com.apple.product-type.bundle.ui-testing";
		};
/* End PBXNativeTarget section */

/* Begin PBXProject section */
		9CE706AD25A090720019B875 /* Project object */ = {
			isa = PBXProject;
			attributes = {
				LastSwiftUpdateCheck = 1230;
				LastUpgradeCheck = 1230;
				TargetAttributes = {
					9CE706B425A090720019B875 = {
						CreatedOnToolsVersion = 12.3;
					};
					9CE706CA25A090740019B875 = {
						CreatedOnToolsVersion = 12.3;
						TestTargetID = 9CE706B425A090720019B875;
					};
					9CE706D525A090740019B875 = {
						CreatedOnToolsVersion = 12.3;
						TestTargetID = 9CE706B425A090720019B875;
					};
				};
			};
			buildConfigurationList = 9CE706B025A090720019B875 /* Build configuration list for PBXProject "AppStartup" */;
			compatibilityVersion = "Xcode 9.3";
			developmentRegion = en;
			hasScannedForEncodings = 0;
			knownRegions = (
				en,
				Base,
			);
			mainGroup = 9CE706AC25A090720019B875;
			productRefGroup = 9CE706B625A090720019B875 /* Products */;
			projectDirPath = "";
			projectRoot = "";
			targets = (
				9CE706B425A090720019B875 /* AppStartup */,
				9CE706CA25A090740019B875 /* AppStartupTests */,
				9CE706D525A090740019B875 /* AppStartupUITests */,
			);
		};
/* End PBXProject section */

/* Begin PBXResourcesBuildPhase section */
		9CE706B325A090720019B875 /* Resources */ = {
			isa = PBXResourcesBuildPhase;
			buildActionMask = 2147483647;
			files = (
				9CE706C525A090740019B875 /* LaunchScreen.storyboard in Resources */,
				9CE706C225A090740019B875 /* Assets.xcassets in Resources */,
				9CE706C025A090720019B875 /* Main.storyboard in Resources */,
			);
			runOnlyForDeploymentPostprocessing = 0;
		};
		9CE706C925A090740019B875 /* Resources */ = {
			isa = PBXResourcesBuildPhase;
			buildActionMask = 2147483647;
			files = (
			);
			runOnlyForDeploymentPostprocessing = 0;
		};
		9CE706D425A090740019B875 /* Resources */ = {
			isa = PBXResourcesBuildPhase;
			buildActionMask = 2147483647;
			files = (
			);
			runOnlyForDeploymentPostprocessing = 0;
		};
/* End PBXResourcesBuildPhase section */

/* Begin PBXSourcesBuildPhase section */
		9CE706B125A090720019B875 /* Sources */ = {
			isa = PBXSourcesBuildPhase;
			buildActionMask = 2147483647;
			files = (
				9CE706BD25A090720019B875 /* ViewController.swift in Sources */,
				9CE706B925A090720019B875 /* AppDelegate.swift in Sources */,
				9CE706F425A090CE0019B875 /* main.swift in Sources */,
				9CE706BB25A090720019B875 /* SceneDelegate.swift in Sources */,
			);
			runOnlyForDeploymentPostprocessing = 0;
		};
		9CE706C725A090740019B875 /* Sources */ = {
			isa = PBXSourcesBuildPhase;
			buildActionMask = 2147483647;
			files = (
				9CE706D025A090740019B875 /* AppStartupTests.swift in Sources */,
			);
			runOnlyForDeploymentPostprocessing = 0;
		};
		9CE706D225A090740019B875 /* Sources */ = {
			isa = PBXSourcesBuildPhase;
			buildActionMask = 2147483647;
			files = (
				9CE706DB25A090740019B875 /* AppStartupUITests.swift in Sources */,
			);
			runOnlyForDeploymentPostprocessing = 0;
		};
/* End PBXSourcesBuildPhase section */

/* Begin PBXTargetDependency section */
		9CE706CD25A090740019B875 /* PBXTargetDependency */ = {
			isa = PBXTargetDependency;
			target = 9CE706B425A090720019B875 /* AppStartup */;
			targetProxy = 9CE706CC25A090740019B875 /* PBXContainerItemProxy */;
		};
		9CE706D825A090740019B875 /* PBXTargetDependency */ = {
			isa = PBXTargetDependency;
			target = 9CE706B425A090720019B875 /* AppStartup */;
			targetProxy = 9CE706D725A090740019B875 /* PBXContainerItemProxy */;
		};
/* End PBXTargetDependency section */

/* Begin PBXVariantGroup section */
		9CE706BE25A090720019B875 /* Main.storyboard */ = {
			isa = PBXVariantGroup;
			children = (
				9CE706BF25A090720019B875 /* Base */,
			);
			name = Main.storyboard;
			sourceTree = "<group>";
		};
		9CE706C325A090740019B875 /* LaunchScreen.storyboard */ = {
			isa = PBXVariantGroup;
			children = (
				9CE706C425A090740019B875 /* Base */,
			);
			name = LaunchScreen.storyboard;
			sourceTree = "<group>";
		};
/* End PBXVariantGroup section */

/* Begin XCBuildConfiguration section */
		9CE706DD25A090740019B875 /* Debug */ = {
			isa = XCBuildConfiguration;
			buildSettings = {
				ALWAYS_SEARCH_USER_PATHS = NO;
				CLANG_ANALYZER_NONNULL = YES;
				CLANG_ANALYZER_NUMBER_OBJECT_CONVERSION = YES_AGGRESSIVE;
				CLANG_CXX_LANGUAGE_STANDARD = "gnu++14";
				CLANG_CXX_LIBRARY = "libc++";
				CLANG_ENABLE_MODULES = YES;
				CLANG_ENABLE_OBJC_ARC = YES;
				CLANG_ENABLE_OBJC_WEAK = YES;
				CLANG_WARN_BLOCK_CAPTURE_AUTORELEASING = YES;
				CLANG_WARN_BOOL_CONVERSION = YES;
				CLANG_WARN_COMMA = YES;
				CLANG_WARN_CONSTANT_CONVERSION = YES;
				CLANG_WARN_DEPRECATED_OBJC_IMPLEMENTATIONS = YES;
				CLANG_WARN_DIRECT_OBJC_ISA_USAGE = YES_ERROR;
				CLANG_WARN_DOCUMENTATION_COMMENTS = YES;
				CLANG_WARN_EMPTY_BODY = YES;
				CLANG_WARN_ENUM_CONVERSION = YES;
				CLANG_WARN_INFINITE_RECURSION = YES;
				CLANG_WARN_INT_CONVERSION = YES;
				CLANG_WARN_NON_LITERAL_NULL_CONVERSION = YES;
				CLANG_WARN_OBJC_IMPLICIT_RETAIN_SELF = YES;
				CLANG_WARN_OBJC_LITERAL_CONVERSION = YES;
				CLANG_WARN_OBJC_ROOT_CLASS = YES_ERROR;
				CLANG_WARN_QUOTED_INCLUDE_IN_FRAMEWORK_HEADER = YES;
				CLANG_WARN_RANGE_LOOP_ANALYSIS = YES;
				CLANG_WARN_STRICT_PROTOTYPES = YES;
				CLANG_WARN_SUSPICIOUS_MOVE = YES;
				CLANG_WARN_UNGUARDED_AVAILABILITY = YES_AGGRESSIVE;
				CLANG_WARN_UNREACHABLE_CODE = YES;
				CLANG_WARN__DUPLICATE_METHOD_MATCH = YES;
				COPY_PHASE_STRIP = NO;
				DEBUG_INFORMATION_FORMAT = dwarf;
				ENABLE_STRICT_OBJC_MSGSEND = YES;
				ENABLE_TESTABILITY = YES;
				GCC_C_LANGUAGE_STANDARD = gnu11;
				GCC_DYNAMIC_NO_PIC = NO;
				GCC_NO_COMMON_BLOCKS = YES;
				GCC_OPTIMIZATION_LEVEL = 0;
				GCC_PREPROCESSOR_DEFINITIONS = (
					"DEBUG=1",
					"$(inherited)",
				);
				GCC_WARN_64_TO_32_BIT_CONVERSION = YES;
				GCC_WARN_ABOUT_RETURN_TYPE = YES_ERROR;
				GCC_WARN_UNDECLARED_SELECTOR = YES;
				GCC_WARN_UNINITIALIZED_AUTOS = YES_AGGRESSIVE;
				GCC_WARN_UNUSED_FUNCTION = YES;
				GCC_WARN_UNUSED_VARIABLE = YES;
				IPHONEOS_DEPLOYMENT_TARGET = 14.3;
				MTL_ENABLE_DEBUG_INFO = INCLUDE_SOURCE;
				MTL_FAST_MATH = YES;
				ONLY_ACTIVE_ARCH = YES;
				SDKROOT = iphoneos;
				SWIFT_ACTIVE_COMPILATION_CONDITIONS = DEBUG;
				SWIFT_OPTIMIZATION_LEVEL = "-Onone";
			};
			name = Debug;
		};
		9CE706DE25A090740019B875 /* Release */ = {
			isa = XCBuildConfiguration;
			buildSettings = {
				ALWAYS_SEARCH_USER_PATHS = NO;
				CLANG_ANALYZER_NONNULL = YES;
				CLANG_ANALYZER_NUMBER_OBJECT_CONVERSION = YES_AGGRESSIVE;
				CLANG_CXX_LANGUAGE_STANDARD = "gnu++14";
				CLANG_CXX_LIBRARY = "libc++";
				CLANG_ENABLE_MODULES = YES;
				CLANG_ENABLE_OBJC_ARC = YES;
				CLANG_ENABLE_OBJC_WEAK = YES;
				CLANG_WARN_BLOCK_CAPTURE_AUTORELEASING = YES;
				CLANG_WARN_BOOL_CONVERSION = YES;
				CLANG_WARN_COMMA = YES;
				CLANG_WARN_CONSTANT_CONVERSION = YES;
				CLANG_WARN_DEPRECATED_OBJC_IMPLEMENTATIONS = YES;
				CLANG_WARN_DIRECT_OBJC_ISA_USAGE = YES_ERROR;
				CLANG_WARN_DOCUMENTATION_COMMENTS = YES;
				CLANG_WARN_EMPTY_BODY = YES;
				CLANG_WARN_ENUM_CONVERSION = YES;
				CLANG_WARN_INFINITE_RECURSION = YES;
				CLANG_WARN_INT_CONVERSION = YES;
				CLANG_WARN_NON_LITERAL_NULL_CONVERSION = YES;
				CLANG_WARN_OBJC_IMPLICIT_RETAIN_SELF = YES;
				CLANG_WARN_OBJC_LITERAL_CONVERSION = YES;
				CLANG_WARN_OBJC_ROOT_CLASS = YES_ERROR;
				CLANG_WARN_QUOTED_INCLUDE_IN_FRAMEWORK_HEADER = YES;
				CLANG_WARN_RANGE_LOOP_ANALYSIS = YES;
				CLANG_WARN_STRICT_PROTOTYPES = YES;
				CLANG_WARN_SUSPICIOUS_MOVE = YES;
				CLANG_WARN_UNGUARDED_AVAILABILITY = YES_AGGRESSIVE;
				CLANG_WARN_UNREACHABLE_CODE = YES;
				CLANG_WARN__DUPLICATE_METHOD_MATCH = YES;
				COPY_PHASE_STRIP = NO;
				DEBUG_INFORMATION_FORMAT = "dwarf-with-dsym";
				ENABLE_NS_ASSERTIONS = NO;
				ENABLE_STRICT_OBJC_MSGSEND = YES;
				GCC_C_LANGUAGE_STANDARD = gnu11;
				GCC_NO_COMMON_BLOCKS = YES;
				GCC_WARN_64_TO_32_BIT_CONVERSION = YES;
				GCC_WARN_ABOUT_RETURN_TYPE = YES_ERROR;
				GCC_WARN_UNDECLARED_SELECTOR = YES;
				GCC_WARN_UNINITIALIZED_AUTOS = YES_AGGRESSIVE;
				GCC_WARN_UNUSED_FUNCTION = YES;
				GCC_WARN_UNUSED_VARIABLE = YES;
				IPHONEOS_DEPLOYMENT_TARGET = 14.3;
				MTL_ENABLE_DEBUG_INFO = NO;
				MTL_FAST_MATH = YES;
				SDKROOT = iphoneos;
				SWIFT_COMPILATION_MODE = wholemodule;
				SWIFT_OPTIMIZATION_LEVEL = "-O";
				VALIDATE_PRODUCT = YES;
			};
			name = Release;
		};
		9CE706E025A090740019B875 /* Debug */ = {
			isa = XCBuildConfiguration;
			buildSettings = {
				ASSETCATALOG_COMPILER_APPICON_NAME = AppIcon;
				ASSETCATALOG_COMPILER_GLOBAL_ACCENT_COLOR_NAME = AccentColor;
				CODE_SIGN_STYLE = Automatic;
				INFOPLIST_FILE = AppStartup/Info.plist;
				LD_RUNPATH_SEARCH_PATHS = (
					"$(inherited)",
					"@executable_path/Frameworks",
				);
				PRODUCT_BUNDLE_IDENTIFIER = io.github.akueisara.AppStartup;
				PRODUCT_NAME = "$(TARGET_NAME)";
				SWIFT_VERSION = 5.0;
				TARGETED_DEVICE_FAMILY = "1,2";
			};
			name = Debug;
		};
		9CE706E125A090740019B875 /* Release */ = {
			isa = XCBuildConfiguration;
			buildSettings = {
				ASSETCATALOG_COMPILER_APPICON_NAME = AppIcon;
				ASSETCATALOG_COMPILER_GLOBAL_ACCENT_COLOR_NAME = AccentColor;
				CODE_SIGN_STYLE = Automatic;
				INFOPLIST_FILE = AppStartup/Info.plist;
				LD_RUNPATH_SEARCH_PATHS = (
					"$(inherited)",
					"@executable_path/Frameworks",
				);
				PRODUCT_BUNDLE_IDENTIFIER = io.github.akueisara.AppStartup;
				PRODUCT_NAME = "$(TARGET_NAME)";
				SWIFT_VERSION = 5.0;
				TARGETED_DEVICE_FAMILY = "1,2";
			};
			name = Release;
		};
		9CE706E325A090740019B875 /* Debug */ = {
			isa = XCBuildConfiguration;
			buildSettings = {
				ALWAYS_EMBED_SWIFT_STANDARD_LIBRARIES = YES;
				BUNDLE_LOADER = "$(TEST_HOST)";
				CODE_SIGN_STYLE = Automatic;
				INFOPLIST_FILE = AppStartupTests/Info.plist;
				IPHONEOS_DEPLOYMENT_TARGET = 14.3;
				LD_RUNPATH_SEARCH_PATHS = (
					"$(inherited)",
					"@executable_path/Frameworks",
					"@loader_path/Frameworks",
				);
				PRODUCT_BUNDLE_IDENTIFIER = io.github.akueisara.AppStartupTests;
				PRODUCT_NAME = "$(TARGET_NAME)";
				SWIFT_VERSION = 5.0;
				TARGETED_DEVICE_FAMILY = "1,2";
				TEST_HOST = "$(BUILT_PRODUCTS_DIR)/AppStartup.app/AppStartup";
			};
			name = Debug;
		};
		9CE706E425A090740019B875 /* Release */ = {
			isa = XCBuildConfiguration;
			buildSettings = {
				ALWAYS_EMBED_SWIFT_STANDARD_LIBRARIES = YES;
				BUNDLE_LOADER = "$(TEST_HOST)";
				CODE_SIGN_STYLE = Automatic;
				INFOPLIST_FILE = AppStartupTests/Info.plist;
				IPHONEOS_DEPLOYMENT_TARGET = 14.3;
				LD_RUNPATH_SEARCH_PATHS = (
					"$(inherited)",
					"@executable_path/Frameworks",
					"@loader_path/Frameworks",
				);
				PRODUCT_BUNDLE_IDENTIFIER = io.github.akueisara.AppStartupTests;
				PRODUCT_NAME = "$(TARGET_NAME)";
				SWIFT_VERSION = 5.0;
				TARGETED_DEVICE_FAMILY = "1,2";
				TEST_HOST = "$(BUILT_PRODUCTS_DIR)/AppStartup.app/AppStartup";
			};
			name = Release;
		};
		9CE706E625A090740019B875 /* Debug */ = {
			isa = XCBuildConfiguration;
			buildSettings = {
				ALWAYS_EMBED_SWIFT_STANDARD_LIBRARIES = YES;
				CODE_SIGN_STYLE = Automatic;
				INFOPLIST_FILE = AppStartupUITests/Info.plist;
				LD_RUNPATH_SEARCH_PATHS = (
					"$(inherited)",
					"@executable_path/Frameworks",
					"@loader_path/Frameworks",
				);
				PRODUCT_BUNDLE_IDENTIFIER = io.github.akueisara.AppStartupUITests;
				PRODUCT_NAME = "$(TARGET_NAME)";
				SWIFT_VERSION = 5.0;
				TARGETED_DEVICE_FAMILY = "1,2";
				TEST_TARGET_NAME = AppStartup;
			};
			name = Debug;
		};
		9CE706E725A090740019B875 /* Release */ = {
			isa = XCBuildConfiguration;
			buildSettings = {
				ALWAYS_EMBED_SWIFT_STANDARD_LIBRARIES = YES;
				CODE_SIGN_STYLE = Automatic;
				INFOPLIST_FILE = AppStartupUITests/Info.plist;
				LD_RUNPATH_SEARCH_PATHS = (
					"$(inherited)",
					"@executable_path/Frameworks",
					"@loader_path/Frameworks",
				);
				PRODUCT_BUNDLE_IDENTIFIER = io.github.akueisara.AppStartupUITests;
				PRODUCT_NAME = "$(TARGET_NAME)";
				SWIFT_VERSION = 5.0;
				TARGETED_DEVICE_FAMILY = "1,2";
				TEST_TARGET_NAME = AppStartup;
			};
			name = Release;
		};
/* End XCBuildConfiguration section */

/* Begin XCConfigurationList section */
		9CE706B025A090720019B875 /* Build configuration list for PBXProject "AppStartup" */ = {
			isa = XCConfigurationList;
			buildConfigurations = (
				9CE706DD25A090740019B875 /* Debug */,
				9CE706DE25A090740019B875 /* Release */,
			);
			defaultConfigurationIsVisible = 0;
			defaultConfigurationName = Release;
		};
		9CE706DF25A090740019B875 /* Build configuration list for PBXNativeTarget "AppStartup" */ = {
			isa = XCConfigurationList;
			buildConfigurations = (
				9CE706E025A090740019B875 /* Debug */,
				9CE706E125A090740019B875 /* Release */,
			);
			defaultConfigurationIsVisible = 0;
			defaultConfigurationName = Release;
		};
		9CE706E225A090740019B875 /* Build configuration list for PBXNativeTarget "AppStartupTests" */ = {
			isa = XCConfigurationList;
			buildConfigurations = (
				9CE706E325A090740019B875 /* Debug */,
				9CE706E425A090740019B875 /* Release */,
			);
			defaultConfigurationIsVisible = 0;
			defaultConfigurationName = Release;
		};
		9CE706E525A090740019B875 /* Build configuration list for PBXNativeTarget "AppStartupUITests" */ = {
			isa = XCConfigurationList;
			buildConfigurations = (
				9CE706E625A090740019B875 /* Debug */,
				9CE706E725A090740019B875 /* Release */,
			);
			defaultConfigurationIsVisible = 0;
			defaultConfigurationName = Release;
		};
/* End XCConfigurationList section */
	};
	rootObject = 9CE706AD25A090720019B875 /* Project object */;
}
