// !$*UTF8*$!
{
	archiveVersion = 1;
	classes = {
	};
	objectVersion = 50;
	objects = {

/* Begin PBXBuildFile section */
		9C31563E25A0E6AA005912B9 /* AppDelegate.swift in Sources */ = {isa = PBXBuildFile; fileRef = 9C31563D25A0E6AA005912B9 /* AppDelegate.swift */; };
		9C31564025A0E6AA005912B9 /* SceneDelegate.swift in Sources */ = {isa = PBXBuildFile; fileRef = 9C31563F25A0E6AA005912B9 /* SceneDelegate.swift */; };
		9C31564525A0E6AA005912B9 /* Main.storyboard in Resources */ = {isa = PBXBuildFile; fileRef = 9C31564325A0E6AA005912B9 /* Main.storyboard */; };
		9C31564725A0E6AC005912B9 /* Assets.xcassets in Resources */ = {isa = PBXBuildFile; fileRef = 9C31564625A0E6AC005912B9 /* Assets.xcassets */; };
		9C31564A25A0E6AC005912B9 /* LaunchScreen.storyboard in Resources */ = {isa = PBXBuildFile; fileRef = 9C31564825A0E6AC005912B9 /* LaunchScreen.storyboard */; };
		9C31565525A0E6AD005912B9 /* ImageDownloadTestTests.swift in Sources */ = {isa = PBXBuildFile; fileRef = 9C31565425A0E6AD005912B9 /* ImageDownloadTestTests.swift */; };
		9C31566025A0E6AD005912B9 /* ImageDownloadTestUITests.swift in Sources */ = {isa = PBXBuildFile; fileRef = 9C31565F25A0E6AD005912B9 /* ImageDownloadTestUITests.swift */; };
		9C31567125A0E6F8005912B9 /* PhotosCollectionViewController.swift in Sources */ = {isa = PBXBuildFile; fileRef = 9C31567025A0E6F8005912B9 /* PhotosCollectionViewController.swift */; };
/* End PBXBuildFile section */

/* Begin PBXContainerItemProxy section */
		9C31565125A0E6AD005912B9 /* PBXContainerItemProxy */ = {
			isa = PBXContainerItemProxy;
			containerPortal = 9C31563225A0E6AA005912B9 /* Project object */;
			proxyType = 1;
			remoteGlobalIDString = 9C31563925A0E6AA005912B9;
			remoteInfo = ImageDownloadTest;
		};
		9C31565C25A0E6AD005912B9 /* PBXContainerItemProxy */ = {
			isa = PBXContainerItemProxy;
			containerPortal = 9C31563225A0E6AA005912B9 /* Project object */;
			proxyType = 1;
			remoteGlobalIDString = 9C31563925A0E6AA005912B9;
			remoteInfo = ImageDownloadTest;
		};
/* End PBXContainerItemProxy section */

/* Begin PBXFileReference section */
		9C31563A25A0E6AA005912B9 /* ImageDownloadTest.app */ = {isa = PBXFileReference; explicitFileType = wrapper.application; includeInIndex = 0; path = ImageDownloadTest.app; sourceTree = BUILT_PRODUCTS_DIR; };
		9C31563D25A0E6AA005912B9 /* AppDelegate.swift */ = {isa = PBXFileReference; lastKnownFileType = sourcecode.swift; path = AppDelegate.swift; sourceTree = "<group>"; };
		9C31563F25A0E6AA005912B9 /* SceneDelegate.swift */ = {isa = PBXFileReference; lastKnownFileType = sourcecode.swift; path = SceneDelegate.swift; sourceTree = "<group>"; };
		9C31564425A0E6AA005912B9 /* Base */ = {isa = PBXFileReference; lastKnownFileType = file.storyboard; name = Base; path = Base.lproj/Main.storyboard; sourceTree = "<group>"; };
		9C31564625A0E6AC005912B9 /* Assets.xcassets */ = {isa = PBXFileReference; lastKnownFileType = folder.assetcatalog; path = Assets.xcassets; sourceTree = "<group>"; };
		9C31564925A0E6AC005912B9 /* Base */ = {isa = PBXFileReference; lastKnownFileType = file.storyboard; name = Base; path = Base.lproj/LaunchScreen.storyboard; sourceTree = "<group>"; };
		9C31564B25A0E6AC005912B9 /* Info.plist */ = {isa = PBXFileReference; lastKnownFileType = text.plist.xml; path = Info.plist; sourceTree = "<group>"; };
		9C31565025A0E6AD005912B9 /* ImageDownloadTestTests.xctest */ = {isa = PBXFileReference; explicitFileType = wrapper.cfbundle; includeInIndex = 0; path = ImageDownloadTestTests.xctest; sourceTree = BUILT_PRODUCTS_DIR; };
		9C31565425A0E6AD005912B9 /* ImageDownloadTestTests.swift */ = {isa = PBXFileReference; lastKnownFileType = sourcecode.swift; path = ImageDownloadTestTests.swift; sourceTree = "<group>"; };
		9C31565625A0E6AD005912B9 /* Info.plist */ = {isa = PBXFileReference; lastKnownFileType = text.plist.xml; path = Info.plist; sourceTree = "<group>"; };
		9C31565B25A0E6AD005912B9 /* ImageDownloadTestUITests.xctest */ = {isa = PBXFileReference; explicitFileType = wrapper.cfbundle; includeInIndex = 0; path = ImageDownloadTestUITests.xctest; sourceTree = BUILT_PRODUCTS_DIR; };
		9C31565F25A0E6AD005912B9 /* ImageDownloadTestUITests.swift */ = {isa = PBXFileReference; lastKnownFileType = sourcecode.swift; path = ImageDownloadTestUITests.swift; sourceTree = "<group>"; };
		9C31566125A0E6AD005912B9 /* Info.plist */ = {isa = PBXFileReference; lastKnownFileType = text.plist.xml; path = Info.plist; sourceTree = "<group>"; };
		9C31567025A0E6F8005912B9 /* PhotosCollectionViewController.swift */ = {isa = PBXFileReference; lastKnownFileType = sourcecode.swift; path = PhotosCollectionViewController.swift; sourceTree = "<group>"; };
/* End PBXFileReference section */

/* Begin PBXFrameworksBuildPhase section */
		9C31563725A0E6AA005912B9 /* Frameworks */ = {
			isa = PBXFrameworksBuildPhase;
			buildActionMask = 2147483647;
			files = (
			);
			runOnlyForDeploymentPostprocessing = 0;
		};
		9C31564D25A0E6AD005912B9 /* Frameworks */ = {
			isa = PBXFrameworksBuildPhase;
			buildActionMask = 2147483647;
			files = (
			);
			runOnlyForDeploymentPostprocessing = 0;
		};
		9C31565825A0E6AD005912B9 /* Frameworks */ = {
			isa = PBXFrameworksBuildPhase;
			buildActionMask = 2147483647;
			files = (
			);
			runOnlyForDeploymentPostprocessing = 0;
		};
/* End PBXFrameworksBuildPhase section */

/* Begin PBXGroup section */
		9C31563125A0E6AA005912B9 = {
			isa = PBXGroup;
			children = (
				9C31563C25A0E6AA005912B9 /* ImageDownloadTest */,
				9C31565325A0E6AD005912B9 /* ImageDownloadTestTests */,
				9C31565E25A0E6AD005912B9 /* ImageDownloadTestUITests */,
				9C31563B25A0E6AA005912B9 /* Products */,
			);
			sourceTree = "<group>";
		};
		9C31563B25A0E6AA005912B9 /* Products */ = {
			isa = PBXGroup;
			children = (
				9C31563A25A0E6AA005912B9 /* ImageDownloadTest.app */,
				9C31565025A0E6AD005912B9 /* ImageDownloadTestTests.xctest */,
				9C31565B25A0E6AD005912B9 /* ImageDownloadTestUITests.xctest */,
			);
			name = Products;
			sourceTree = "<group>";
		};
		9C31563C25A0E6AA005912B9 /* ImageDownloadTest */ = {
			isa = PBXGroup;
			children = (
				9C31563D25A0E6AA005912B9 /* AppDelegate.swift */,
				9C31563F25A0E6AA005912B9 /* SceneDelegate.swift */,
				9C31564325A0E6AA005912B9 /* Main.storyboard */,
				9C31564625A0E6AC005912B9 /* Assets.xcassets */,
				9C31564825A0E6AC005912B9 /* LaunchScreen.storyboard */,
				9C31564B25A0E6AC005912B9 /* Info.plist */,
				9C31567025A0E6F8005912B9 /* PhotosCollectionViewController.swift */,
			);
			path = ImageDownloadTest;
			sourceTree = "<group>";
		};
		9C31565325A0E6AD005912B9 /* ImageDownloadTestTests */ = {
			isa = PBXGroup;
			children = (
				9C31565425A0E6AD005912B9 /* ImageDownloadTestTests.swift */,
				9C31565625A0E6AD005912B9 /* Info.plist */,
			);
			path = ImageDownloadTestTests;
			sourceTree = "<group>";
		};
		9C31565E25A0E6AD005912B9 /* ImageDownloadTestUITests */ = {
			isa = PBXGroup;
			children = (
				9C31565F25A0E6AD005912B9 /* ImageDownloadTestUITests.swift */,
				9C31566125A0E6AD005912B9 /* Info.plist */,
			);
			path = ImageDownloadTestUITests;
			sourceTree = "<group>";
		};
/* End PBXGroup section */

/* Begin PBXNativeTarget section */
		9C31563925A0E6AA005912B9 /* ImageDownloadTest */ = {
			isa = PBXNativeTarget;
			buildConfigurationList = 9C31566425A0E6AD005912B9 /* Build configuration list for PBXNativeTarget "ImageDownloadTest" */;
			buildPhases = (
				9C31563625A0E6AA005912B9 /* Sources */,
				9C31563725A0E6AA005912B9 /* Frameworks */,
				9C31563825A0E6AA005912B9 /* Resources */,
			);
			buildRules = (
			);
			dependencies = (
			);
			name = ImageDownloadTest;
			productName = ImageDownloadTest;
			productReference = 9C31563A25A0E6AA005912B9 /* ImageDownloadTest.app */;
			productType = "com.apple.product-type.application";
		};
		9C31564F25A0E6AD005912B9 /* ImageDownloadTestTests */ = {
			isa = PBXNativeTarget;
			buildConfigurationList = 9C31566725A0E6AD005912B9 /* Build configuration list for PBXNativeTarget "ImageDownloadTestTests" */;
			buildPhases = (
				9C31564C25A0E6AD005912B9 /* Sources */,
				9C31564D25A0E6AD005912B9 /* Frameworks */,
				9C31564E25A0E6AD005912B9 /* Resources */,
			);
			buildRules = (
			);
			dependencies = (
				9C31565225A0E6AD005912B9 /* PBXTargetDependency */,
			);
			name = ImageDownloadTestTests;
			productName = ImageDownloadTestTests;
			productReference = 9C31565025A0E6AD005912B9 /* ImageDownloadTestTests.xctest */;
			productType = "com.apple.product-type.bundle.unit-test";
		};
		9C31565A25A0E6AD005912B9 /* ImageDownloadTestUITests */ = {
			isa = PBXNativeTarget;
			buildConfigurationList = 9C31566A25A0E6AD005912B9 /* Build configuration list for PBXNativeTarget "ImageDownloadTestUITests" */;
			buildPhases = (
				9C31565725A0E6AD005912B9 /* Sources */,
				9C31565825A0E6AD005912B9 /* Frameworks */,
				9C31565925A0E6AD005912B9 /* Resources */,
			);
			buildRules = (
			);
			dependencies = (
				9C31565D25A0E6AD005912B9 /* PBXTargetDependency */,
			);
			name = ImageDownloadTestUITests;
			productName = ImageDownloadTestUITests;
			productReference = 9C31565B25A0E6AD005912B9 /* ImageDownloadTestUITests.xctest */;
			productType = "com.apple.product-type.bundle.ui-testing";
		};
/* End PBXNativeTarget section */

/* Begin PBXProject section */
		9C31563225A0E6AA005912B9 /* Project object */ = {
			isa = PBXProject;
			attributes = {
				LastSwiftUpdateCheck = 1230;
				LastUpgradeCheck = 1230;
				TargetAttributes = {
					9C31563925A0E6AA005912B9 = {
						CreatedOnToolsVersion = 12.3;
					};
					9C31564F25A0E6AD005912B9 = {
						CreatedOnToolsVersion = 12.3;
						TestTargetID = 9C31563925A0E6AA005912B9;
					};
					9C31565A25A0E6AD005912B9 = {
						CreatedOnToolsVersion = 12.3;
						TestTargetID = 9C31563925A0E6AA005912B9;
					};
				};
			};
			buildConfigurationList = 9C31563525A0E6AA005912B9 /* Build configuration list for PBXProject "ImageDownloadTest" */;
			compatibilityVersion = "Xcode 9.3";
			developmentRegion = en;
			hasScannedForEncodings = 0;
			knownRegions = (
				en,
				Base,
			);
			mainGroup = 9C31563125A0E6AA005912B9;
			productRefGroup = 9C31563B25A0E6AA005912B9 /* Products */;
			projectDirPath = "";
			projectRoot = "";
			targets = (
				9C31563925A0E6AA005912B9 /* ImageDownloadTest */,
				9C31564F25A0E6AD005912B9 /* ImageDownloadTestTests */,
				9C31565A25A0E6AD005912B9 /* ImageDownloadTestUITests */,
			);
		};
/* End PBXProject section */

/* Begin PBXResourcesBuildPhase section */
		9C31563825A0E6AA005912B9 /* Resources */ = {
			isa = PBXResourcesBuildPhase;
			buildActionMask = 2147483647;
			files = (
				9C31564A25A0E6AC005912B9 /* LaunchScreen.storyboard in Resources */,
				9C31564725A0E6AC005912B9 /* Assets.xcassets in Resources */,
				9C31564525A0E6AA005912B9 /* Main.storyboard in Resources */,
			);
			runOnlyForDeploymentPostprocessing = 0;
		};
		9C31564E25A0E6AD005912B9 /* Resources */ = {
			isa = PBXResourcesBuildPhase;
			buildActionMask = 2147483647;
			files = (
			);
			runOnlyForDeploymentPostprocessing = 0;
		};
		9C31565925A0E6AD005912B9 /* Resources */ = {
			isa = PBXResourcesBuildPhase;
			buildActionMask = 2147483647;
			files = (
			);
			runOnlyForDeploymentPostprocessing = 0;
		};
/* End PBXResourcesBuildPhase section */

/* Begin PBXSourcesBuildPhase section */
		9C31563625A0E6AA005912B9 /* Sources */ = {
			isa = PBXSourcesBuildPhase;
			buildActionMask = 2147483647;
			files = (
				9C31563E25A0E6AA005912B9 /* AppDelegate.swift in Sources */,
				9C31564025A0E6AA005912B9 /* SceneDelegate.swift in Sources */,
				9C31567125A0E6F8005912B9 /* PhotosCollectionViewController.swift in Sources */,
			);
			runOnlyForDeploymentPostprocessing = 0;
		};
		9C31564C25A0E6AD005912B9 /* Sources */ = {
			isa = PBXSourcesBuildPhase;
			buildActionMask = 2147483647;
			files = (
				9C31565525A0E6AD005912B9 /* ImageDownloadTestTests.swift in Sources */,
			);
			runOnlyForDeploymentPostprocessing = 0;
		};
		9C31565725A0E6AD005912B9 /* Sources */ = {
			isa = PBXSourcesBuildPhase;
			buildActionMask = 2147483647;
			files = (
				9C31566025A0E6AD005912B9 /* ImageDownloadTestUITests.swift in Sources */,
			);
			runOnlyForDeploymentPostprocessing = 0;
		};
/* End PBXSourcesBuildPhase section */

/* Begin PBXTargetDependency section */
		9C31565225A0E6AD005912B9 /* PBXTargetDependency */ = {
			isa = PBXTargetDependency;
			target = 9C31563925A0E6AA005912B9 /* ImageDownloadTest */;
			targetProxy = 9C31565125A0E6AD005912B9 /* PBXContainerItemProxy */;
		};
		9C31565D25A0E6AD005912B9 /* PBXTargetDependency */ = {
			isa = PBXTargetDependency;
			target = 9C31563925A0E6AA005912B9 /* ImageDownloadTest */;
			targetProxy = 9C31565C25A0E6AD005912B9 /* PBXContainerItemProxy */;
		};
/* End PBXTargetDependency section */

/* Begin PBXVariantGroup section */
		9C31564325A0E6AA005912B9 /* Main.storyboard */ = {
			isa = PBXVariantGroup;
			children = (
				9C31564425A0E6AA005912B9 /* Base */,
			);
			name = Main.storyboard;
			sourceTree = "<group>";
		};
		9C31564825A0E6AC005912B9 /* LaunchScreen.storyboard */ = {
			isa = PBXVariantGroup;
			children = (
				9C31564925A0E6AC005912B9 /* Base */,
			);
			name = LaunchScreen.storyboard;
			sourceTree = "<group>";
		};
/* End PBXVariantGroup section */

/* Begin XCBuildConfiguration section */
		9C31566225A0E6AD005912B9 /* Debug */ = {
			isa = XCBuildConfiguration;
			buildSettings = {
				ALWAYS_SEARCH_USER_PATHS = NO;
				CLANG_ANALYZER_NONNULL = YES;
				CLANG_ANALYZER_NUMBER_OBJECT_CONVERSION = YES_AGGRESSIVE;
				CLANG_CXX_LANGUAGE_STANDARD = "gnu++14";
				CLANG_CXX_LIBRARY = "libc++";
				CLANG_ENABLE_MODULES = YES;
				CLANG_ENABLE_OBJC_ARC = YES;
				CLANG_ENABLE_OBJC_WEAK = YES;
				CLANG_WARN_BLOCK_CAPTURE_AUTORELEASING = YES;
				CLANG_WARN_BOOL_CONVERSION = YES;
				CLANG_WARN_COMMA = YES;
				CLANG_WARN_CONSTANT_CONVERSION = YES;
				CLANG_WARN_DEPRECATED_OBJC_IMPLEMENTATIONS = YES;
				CLANG_WARN_DIRECT_OBJC_ISA_USAGE = YES_ERROR;
				CLANG_WARN_DOCUMENTATION_COMMENTS = YES;
				CLANG_WARN_EMPTY_BODY = YES;
				CLANG_WARN_ENUM_CONVERSION = YES;
				CLANG_WARN_INFINITE_RECURSION = YES;
				CLANG_WARN_INT_CONVERSION = YES;
				CLANG_WARN_NON_LITERAL_NULL_CONVERSION = YES;
				CLANG_WARN_OBJC_IMPLICIT_RETAIN_SELF = YES;
				CLANG_WARN_OBJC_LITERAL_CONVERSION = YES;
				CLANG_WARN_OBJC_ROOT_CLASS = YES_ERROR;
				CLANG_WARN_QUOTED_INCLUDE_IN_FRAMEWORK_HEADER = YES;
				CLANG_WARN_RANGE_LOOP_ANALYSIS = YES;
				CLANG_WARN_STRICT_PROTOTYPES = YES;
				CLANG_WARN_SUSPICIOUS_MOVE = YES;
				CLANG_WARN_UNGUARDED_AVAILABILITY = YES_AGGRESSIVE;
				CLANG_WARN_UNREACHABLE_CODE = YES;
				CLANG_WARN__DUPLICATE_METHOD_MATCH = YES;
				COPY_PHASE_STRIP = NO;
				DEBUG_INFORMATION_FORMAT = dwarf;
				ENABLE_STRICT_OBJC_MSGSEND = YES;
				ENABLE_TESTABILITY = YES;
				GCC_C_LANGUAGE_STANDARD = gnu11;
				GCC_DYNAMIC_NO_PIC = NO;
				GCC_NO_COMMON_BLOCKS = YES;
				GCC_OPTIMIZATION_LEVEL = 0;
				GCC_PREPROCESSOR_DEFINITIONS = (
					"DEBUG=1",
					"$(inherited)",
				);
				GCC_WARN_64_TO_32_BIT_CONVERSION = YES;
				GCC_WARN_ABOUT_RETURN_TYPE = YES_ERROR;
				GCC_WARN_UNDECLARED_SELECTOR = YES;
				GCC_WARN_UNINITIALIZED_AUTOS = YES_AGGRESSIVE;
				GCC_WARN_UNUSED_FUNCTION = YES;
				GCC_WARN_UNUSED_VARIABLE = YES;
				IPHONEOS_DEPLOYMENT_TARGET = 14.3;
				MTL_ENABLE_DEBUG_INFO = INCLUDE_SOURCE;
				MTL_FAST_MATH = YES;
				ONLY_ACTIVE_ARCH = YES;
				SDKROOT = iphoneos;
				SWIFT_ACTIVE_COMPILATION_CONDITIONS = DEBUG;
				SWIFT_OPTIMIZATION_LEVEL = "-Onone";
			};
			name = Debug;
		};
		9C31566325A0E6AD005912B9 /* Release */ = {
			isa = XCBuildConfiguration;
			buildSettings = {
				ALWAYS_SEARCH_USER_PATHS = NO;
				CLANG_ANALYZER_NONNULL = YES;
				CLANG_ANALYZER_NUMBER_OBJECT_CONVERSION = YES_AGGRESSIVE;
				CLANG_CXX_LANGUAGE_STANDARD = "gnu++14";
				CLANG_CXX_LIBRARY = "libc++";
				CLANG_ENABLE_MODULES = YES;
				CLANG_ENABLE_OBJC_ARC = YES;
				CLANG_ENABLE_OBJC_WEAK = YES;
				CLANG_WARN_BLOCK_CAPTURE_AUTORELEASING = YES;
				CLANG_WARN_BOOL_CONVERSION = YES;
				CLANG_WARN_COMMA = YES;
				CLANG_WARN_CONSTANT_CONVERSION = YES;
				CLANG_WARN_DEPRECATED_OBJC_IMPLEMENTATIONS = YES;
				CLANG_WARN_DIRECT_OBJC_ISA_USAGE = YES_ERROR;
				CLANG_WARN_DOCUMENTATION_COMMENTS = YES;
				CLANG_WARN_EMPTY_BODY = YES;
				CLANG_WARN_ENUM_CONVERSION = YES;
				CLANG_WARN_INFINITE_RECURSION = YES;
				CLANG_WARN_INT_CONVERSION = YES;
				CLANG_WARN_NON_LITERAL_NULL_CONVERSION = YES;
				CLANG_WARN_OBJC_IMPLICIT_RETAIN_SELF = YES;
				CLANG_WARN_OBJC_LITERAL_CONVERSION = YES;
				CLANG_WARN_OBJC_ROOT_CLASS = YES_ERROR;
				CLANG_WARN_QUOTED_INCLUDE_IN_FRAMEWORK_HEADER = YES;
				CLANG_WARN_RANGE_LOOP_ANALYSIS = YES;
				CLANG_WARN_STRICT_PROTOTYPES = YES;
				CLANG_WARN_SUSPICIOUS_MOVE = YES;
				CLANG_WARN_UNGUARDED_AVAILABILITY = YES_AGGRESSIVE;
				CLANG_WARN_UNREACHABLE_CODE = YES;
				CLANG_WARN__DUPLICATE_METHOD_MATCH = YES;
				COPY_PHASE_STRIP = NO;
				DEBUG_INFORMATION_FORMAT = "dwarf-with-dsym";
				ENABLE_NS_ASSERTIONS = NO;
				ENABLE_STRICT_OBJC_MSGSEND = YES;
				GCC_C_LANGUAGE_STANDARD = gnu11;
				GCC_NO_COMMON_BLOCKS = YES;
				GCC_WARN_64_TO_32_BIT_CONVERSION = YES;
				GCC_WARN_ABOUT_RETURN_TYPE = YES_ERROR;
				GCC_WARN_UNDECLARED_SELECTOR = YES;
				GCC_WARN_UNINITIALIZED_AUTOS = YES_AGGRESSIVE;
				GCC_WARN_UNUSED_FUNCTION = YES;
				GCC_WARN_UNUSED_VARIABLE = YES;
				IPHONEOS_DEPLOYMENT_TARGET = 14.3;
				MTL_ENABLE_DEBUG_INFO = NO;
				MTL_FAST_MATH = YES;
				SDKROOT = iphoneos;
				SWIFT_COMPILATION_MODE = wholemodule;
				SWIFT_OPTIMIZATION_LEVEL = "-O";
				VALIDATE_PRODUCT = YES;
			};
			name = Release;
		};
		9C31566525A0E6AD005912B9 /* Debug */ = {
			isa = XCBuildConfiguration;
			buildSettings = {
				ASSETCATALOG_COMPILER_APPICON_NAME = AppIcon;
				ASSETCATALOG_COMPILER_GLOBAL_ACCENT_COLOR_NAME = AccentColor;
				CODE_SIGN_STYLE = Automatic;
				INFOPLIST_FILE = ImageDownloadTest/Info.plist;
				LD_RUNPATH_SEARCH_PATHS = (
					"$(inherited)",
					"@executable_path/Frameworks",
				);
				PRODUCT_BUNDLE_IDENTIFIER = io.github.akueisara.ImageDownloadTest;
				PRODUCT_NAME = "$(TARGET_NAME)";
				SWIFT_VERSION = 5.0;
				TARGETED_DEVICE_FAMILY = "1,2";
			};
			name = Debug;
		};
		9C31566625A0E6AD005912B9 /* Release */ = {
			isa = XCBuildConfiguration;
			buildSettings = {
				ASSETCATALOG_COMPILER_APPICON_NAME = AppIcon;
				ASSETCATALOG_COMPILER_GLOBAL_ACCENT_COLOR_NAME = AccentColor;
				CODE_SIGN_STYLE = Automatic;
				INFOPLIST_FILE = ImageDownloadTest/Info.plist;
				LD_RUNPATH_SEARCH_PATHS = (
					"$(inherited)",
					"@executable_path/Frameworks",
				);
				PRODUCT_BUNDLE_IDENTIFIER = io.github.akueisara.ImageDownloadTest;
				PRODUCT_NAME = "$(TARGET_NAME)";
				SWIFT_VERSION = 5.0;
				TARGETED_DEVICE_FAMILY = "1,2";
			};
			name = Release;
		};
		9C31566825A0E6AD005912B9 /* Debug */ = {
			isa = XCBuildConfiguration;
			buildSettings = {
				ALWAYS_EMBED_SWIFT_STANDARD_LIBRARIES = YES;
				BUNDLE_LOADER = "$(TEST_HOST)";
				CODE_SIGN_STYLE = Automatic;
				INFOPLIST_FILE = ImageDownloadTestTests/Info.plist;
				IPHONEOS_DEPLOYMENT_TARGET = 14.3;
				LD_RUNPATH_SEARCH_PATHS = (
					"$(inherited)",
					"@executable_path/Frameworks",
					"@loader_path/Frameworks",
				);
				PRODUCT_BUNDLE_IDENTIFIER = io.github.akueisara.ImageDownloadTestTests;
				PRODUCT_NAME = "$(TARGET_NAME)";
				SWIFT_VERSION = 5.0;
				TARGETED_DEVICE_FAMILY = "1,2";
				TEST_HOST = "$(BUILT_PRODUCTS_DIR)/ImageDownloadTest.app/ImageDownloadTest";
			};
			name = Debug;
		};
		9C31566925A0E6AD005912B9 /* Release */ = {
			isa = XCBuildConfiguration;
			buildSettings = {
				ALWAYS_EMBED_SWIFT_STANDARD_LIBRARIES = YES;
				BUNDLE_LOADER = "$(TEST_HOST)";
				CODE_SIGN_STYLE = Automatic;
				INFOPLIST_FILE = ImageDownloadTestTests/Info.plist;
				IPHONEOS_DEPLOYMENT_TARGET = 14.3;
				LD_RUNPATH_SEARCH_PATHS = (
					"$(inherited)",
					"@executable_path/Frameworks",
					"@loader_path/Frameworks",
				);
				PRODUCT_BUNDLE_IDENTIFIER = io.github.akueisara.ImageDownloadTestTests;
				PRODUCT_NAME = "$(TARGET_NAME)";
				SWIFT_VERSION = 5.0;
				TARGETED_DEVICE_FAMILY = "1,2";
				TEST_HOST = "$(BUILT_PRODUCTS_DIR)/ImageDownloadTest.app/ImageDownloadTest";
			};
			name = Release;
		};
		9C31566B25A0E6AD005912B9 /* Debug */ = {
			isa = XCBuildConfiguration;
			buildSettings = {
				ALWAYS_EMBED_SWIFT_STANDARD_LIBRARIES = YES;
				CODE_SIGN_STYLE = Automatic;
				INFOPLIST_FILE = ImageDownloadTestUITests/Info.plist;
				LD_RUNPATH_SEARCH_PATHS = (
					"$(inherited)",
					"@executable_path/Frameworks",
					"@loader_path/Frameworks",
				);
				PRODUCT_BUNDLE_IDENTIFIER = io.github.akueisara.ImageDownloadTestUITests;
				PRODUCT_NAME = "$(TARGET_NAME)";
				SWIFT_VERSION = 5.0;
				TARGETED_DEVICE_FAMILY = "1,2";
				TEST_TARGET_NAME = ImageDownloadTest;
			};
			name = Debug;
		};
		9C31566C25A0E6AD005912B9 /* Release */ = {
			isa = XCBuildConfiguration;
			buildSettings = {
				ALWAYS_EMBED_SWIFT_STANDARD_LIBRARIES = YES;
				CODE_SIGN_STYLE = Automatic;
				INFOPLIST_FILE = ImageDownloadTestUITests/Info.plist;
				LD_RUNPATH_SEARCH_PATHS = (
					"$(inherited)",
					"@executable_path/Frameworks",
					"@loader_path/Frameworks",
				);
				PRODUCT_BUNDLE_IDENTIFIER = io.github.akueisara.ImageDownloadTestUITests;
				PRODUCT_NAME = "$(TARGET_NAME)";
				SWIFT_VERSION = 5.0;
				TARGETED_DEVICE_FAMILY = "1,2";
				TEST_TARGET_NAME = ImageDownloadTest;
			};
			name = Release;
		};
/* End XCBuildConfiguration section */

/* Begin XCConfigurationList section */
		9C31563525A0E6AA005912B9 /* Build configuration list for PBXProject "ImageDownloadTest" */ = {
			isa = XCConfigurationList;
			buildConfigurations = (
				9C31566225A0E6AD005912B9 /* Debug */,
				9C31566325A0E6AD005912B9 /* Release */,
			);
			defaultConfigurationIsVisible = 0;
			defaultConfigurationName = Release;
		};
		9C31566425A0E6AD005912B9 /* Build configuration list for PBXNativeTarget "ImageDownloadTest" */ = {
			isa = XCConfigurationList;
			buildConfigurations = (
				9C31566525A0E6AD005912B9 /* Debug */,
				9C31566625A0E6AD005912B9 /* Release */,
			);
			defaultConfigurationIsVisible = 0;
			defaultConfigurationName = Release;
		};
		9C31566725A0E6AD005912B9 /* Build configuration list for PBXNativeTarget "ImageDownloadTestTests" */ = {
			isa = XCConfigurationList;
			buildConfigurations = (
				9C31566825A0E6AD005912B9 /* Debug */,
				9C31566925A0E6AD005912B9 /* Release */,
			);
			defaultConfigurationIsVisible = 0;
			defaultConfigurationName = Release;
		};
		9C31566A25A0E6AD005912B9 /* Build configuration list for PBXNativeTarget "ImageDownloadTestUITests" */ = {
			isa = XCConfigurationList;
			buildConfigurations = (
				9C31566B25A0E6AD005912B9 /* Debug */,
				9C31566C25A0E6AD005912B9 /* Release */,
			);
			defaultConfigurationIsVisible = 0;
			defaultConfigurationName = Release;
		};
/* End XCConfigurationList section */
	};
	rootObject = 9C31563225A0E6AA005912B9 /* Project object */;
}
