// !$*UTF8*$!
{
	archiveVersion = 1;
	classes = {
	};
	objectVersion = 50;
	objects = {

/* Begin PBXBuildFile section */
		9C99233325A0F8AC004A8FB3 /* AppDelegate.swift in Sources */ = {isa = PBXBuildFile; fileRef = 9C99233225A0F8AC004A8FB3 /* AppDelegate.swift */; };
		9C99233525A0F8AC004A8FB3 /* SceneDelegate.swift in Sources */ = {isa = PBXBuildFile; fileRef = 9C99233425A0F8AC004A8FB3 /* SceneDelegate.swift */; };
		9C99233725A0F8AC004A8FB3 /* ViewController.swift in Sources */ = {isa = PBXBuildFile; fileRef = 9C99233625A0F8AC004A8FB3 /* ViewController.swift */; };
		9C99233A25A0F8AC004A8FB3 /* Main.storyboard in Resources */ = {isa = PBXBuildFile; fileRef = 9C99233825A0F8AC004A8FB3 /* Main.storyboard */; };
		9C99233C25A0F8AE004A8FB3 /* Assets.xcassets in Resources */ = {isa = PBXBuildFile; fileRef = 9C99233B25A0F8AE004A8FB3 /* Assets.xcassets */; };
		9C99233F25A0F8AE004A8FB3 /* LaunchScreen.storyboard in Resources */ = {isa = PBXBuildFile; fileRef = 9C99233D25A0F8AE004A8FB3 /* LaunchScreen.storyboard */; };
		9C99234A25A0F8AE004A8FB3 /* InvokerAppTests.swift in Sources */ = {isa = PBXBuildFile; fileRef = 9C99234925A0F8AE004A8FB3 /* InvokerAppTests.swift */; };
		9C99235525A0F8AE004A8FB3 /* InvokerAppUITests.swift in Sources */ = {isa = PBXBuildFile; fileRef = 9C99235425A0F8AE004A8FB3 /* InvokerAppUITests.swift */; };
/* End PBXBuildFile section */

/* Begin PBXContainerItemProxy section */
		9C99234625A0F8AE004A8FB3 /* PBXContainerItemProxy */ = {
			isa = PBXContainerItemProxy;
			containerPortal = 9C99232725A0F8AC004A8FB3 /* Project object */;
			proxyType = 1;
			remoteGlobalIDString = 9C99232E25A0F8AC004A8FB3;
			remoteInfo = InvokerApp;
		};
		9C99235125A0F8AE004A8FB3 /* PBXContainerItemProxy */ = {
			isa = PBXContainerItemProxy;
			containerPortal = 9C99232725A0F8AC004A8FB3 /* Project object */;
			proxyType = 1;
			remoteGlobalIDString = 9C99232E25A0F8AC004A8FB3;
			remoteInfo = InvokerApp;
		};
/* End PBXContainerItemProxy section */

/* Begin PBXFileReference section */
		9C99232F25A0F8AC004A8FB3 /* InvokerApp.app */ = {isa = PBXFileReference; explicitFileType = wrapper.application; includeInIndex = 0; path = InvokerApp.app; sourceTree = BUILT_PRODUCTS_DIR; };
		9C99233225A0F8AC004A8FB3 /* AppDelegate.swift */ = {isa = PBXFileReference; lastKnownFileType = sourcecode.swift; path = AppDelegate.swift; sourceTree = "<group>"; };
		9C99233425A0F8AC004A8FB3 /* SceneDelegate.swift */ = {isa = PBXFileReference; lastKnownFileType = sourcecode.swift; path = SceneDelegate.swift; sourceTree = "<group>"; };
		9C99233625A0F8AC004A8FB3 /* ViewController.swift */ = {isa = PBXFileReference; lastKnownFileType = sourcecode.swift; path = ViewController.swift; sourceTree = "<group>"; };
		9C99233925A0F8AC004A8FB3 /* Base */ = {isa = PBXFileReference; lastKnownFileType = file.storyboard; name = Base; path = Base.lproj/Main.storyboard; sourceTree = "<group>"; };
		9C99233B25A0F8AE004A8FB3 /* Assets.xcassets */ = {isa = PBXFileReference; lastKnownFileType = folder.assetcatalog; path = Assets.xcassets; sourceTree = "<group>"; };
		9C99233E25A0F8AE004A8FB3 /* Base */ = {isa = PBXFileReference; lastKnownFileType = file.storyboard; name = Base; path = Base.lproj/LaunchScreen.storyboard; sourceTree = "<group>"; };
		9C99234025A0F8AE004A8FB3 /* Info.plist */ = {isa = PBXFileReference; lastKnownFileType = text.plist.xml; path = Info.plist; sourceTree = "<group>"; };
		9C99234525A0F8AE004A8FB3 /* InvokerAppTests.xctest */ = {isa = PBXFileReference; explicitFileType = wrapper.cfbundle; includeInIndex = 0; path = InvokerAppTests.xctest; sourceTree = BUILT_PRODUCTS_DIR; };
		9C99234925A0F8AE004A8FB3 /* InvokerAppTests.swift */ = {isa = PBXFileReference; lastKnownFileType = sourcecode.swift; path = InvokerAppTests.swift; sourceTree = "<group>"; };
		9C99234B25A0F8AE004A8FB3 /* Info.plist */ = {isa = PBXFileReference; lastKnownFileType = text.plist.xml; path = Info.plist; sourceTree = "<group>"; };
		9C99235025A0F8AE004A8FB3 /* InvokerAppUITests.xctest */ = {isa = PBXFileReference; explicitFileType = wrapper.cfbundle; includeInIndex = 0; path = InvokerAppUITests.xctest; sourceTree = BUILT_PRODUCTS_DIR; };
		9C99235425A0F8AE004A8FB3 /* InvokerAppUITests.swift */ = {isa = PBXFileReference; lastKnownFileType = sourcecode.swift; path = InvokerAppUITests.swift; sourceTree = "<group>"; };
		9C99235625A0F8AE004A8FB3 /* Info.plist */ = {isa = PBXFileReference; lastKnownFileType = text.plist.xml; path = Info.plist; sourceTree = "<group>"; };
/* End PBXFileReference section */

/* Begin PBXFrameworksBuildPhase section */
		9C99232C25A0F8AC004A8FB3 /* Frameworks */ = {
			isa = PBXFrameworksBuildPhase;
			buildActionMask = 2147483647;
			files = (
			);
			runOnlyForDeploymentPostprocessing = 0;
		};
		9C99234225A0F8AE004A8FB3 /* Frameworks */ = {
			isa = PBXFrameworksBuildPhase;
			buildActionMask = 2147483647;
			files = (
			);
			runOnlyForDeploymentPostprocessing = 0;
		};
		9C99234D25A0F8AE004A8FB3 /* Frameworks */ = {
			isa = PBXFrameworksBuildPhase;
			buildActionMask = 2147483647;
			files = (
			);
			runOnlyForDeploymentPostprocessing = 0;
		};
/* End PBXFrameworksBuildPhase section */

/* Begin PBXGroup section */
		9C99232625A0F8AC004A8FB3 = {
			isa = PBXGroup;
			children = (
				9C99233125A0F8AC004A8FB3 /* InvokerApp */,
				9C99234825A0F8AE004A8FB3 /* InvokerAppTests */,
				9C99235325A0F8AE004A8FB3 /* InvokerAppUITests */,
				9C99233025A0F8AC004A8FB3 /* Products */,
			);
			sourceTree = "<group>";
		};
		9C99233025A0F8AC004A8FB3 /* Products */ = {
			isa = PBXGroup;
			children = (
				9C99232F25A0F8AC004A8FB3 /* InvokerApp.app */,
				9C99234525A0F8AE004A8FB3 /* InvokerAppTests.xctest */,
				9C99235025A0F8AE004A8FB3 /* InvokerAppUITests.xctest */,
			);
			name = Products;
			sourceTree = "<group>";
		};
		9C99233125A0F8AC004A8FB3 /* InvokerApp */ = {
			isa = PBXGroup;
			children = (
				9C99233225A0F8AC004A8FB3 /* AppDelegate.swift */,
				9C99233425A0F8AC004A8FB3 /* SceneDelegate.swift */,
				9C99233625A0F8AC004A8FB3 /* ViewController.swift */,
				9C99233825A0F8AC004A8FB3 /* Main.storyboard */,
				9C99233B25A0F8AE004A8FB3 /* Assets.xcassets */,
				9C99233D25A0F8AE004A8FB3 /* LaunchScreen.storyboard */,
				9C99234025A0F8AE004A8FB3 /* Info.plist */,
			);
			path = InvokerApp;
			sourceTree = "<group>";
		};
		9C99234825A0F8AE004A8FB3 /* InvokerAppTests */ = {
			isa = PBXGroup;
			children = (
				9C99234925A0F8AE004A8FB3 /* InvokerAppTests.swift */,
				9C99234B25A0F8AE004A8FB3 /* Info.plist */,
			);
			path = InvokerAppTests;
			sourceTree = "<group>";
		};
		9C99235325A0F8AE004A8FB3 /* InvokerAppUITests */ = {
			isa = PBXGroup;
			children = (
				9C99235425A0F8AE004A8FB3 /* InvokerAppUITests.swift */,
				9C99235625A0F8AE004A8FB3 /* Info.plist */,
			);
			path = InvokerAppUITests;
			sourceTree = "<group>";
		};
/* End PBXGroup section */

/* Begin PBXNativeTarget section */
		9C99232E25A0F8AC004A8FB3 /* InvokerApp */ = {
			isa = PBXNativeTarget;
			buildConfigurationList = 9C99235925A0F8AE004A8FB3 /* Build configuration list for PBXNativeTarget "InvokerApp" */;
			buildPhases = (
				9C99232B25A0F8AC004A8FB3 /* Sources */,
				9C99232C25A0F8AC004A8FB3 /* Frameworks */,
				9C99232D25A0F8AC004A8FB3 /* Resources */,
			);
			buildRules = (
			);
			dependencies = (
			);
			name = InvokerApp;
			productName = InvokerApp;
			productReference = 9C99232F25A0F8AC004A8FB3 /* InvokerApp.app */;
			productType = "com.apple.product-type.application";
		};
		9C99234425A0F8AE004A8FB3 /* InvokerAppTests */ = {
			isa = PBXNativeTarget;
			buildConfigurationList = 9C99235C25A0F8AE004A8FB3 /* Build configuration list for PBXNativeTarget "InvokerAppTests" */;
			buildPhases = (
				9C99234125A0F8AE004A8FB3 /* Sources */,
				9C99234225A0F8AE004A8FB3 /* Frameworks */,
				9C99234325A0F8AE004A8FB3 /* Resources */,
			);
			buildRules = (
			);
			dependencies = (
				9C99234725A0F8AE004A8FB3 /* PBXTargetDependency */,
			);
			name = InvokerAppTests;
			productName = InvokerAppTests;
			productReference = 9C99234525A0F8AE004A8FB3 /* InvokerAppTests.xctest */;
			productType = "com.apple.product-type.bundle.unit-test";
		};
		9C99234F25A0F8AE004A8FB3 /* InvokerAppUITests */ = {
			isa = PBXNativeTarget;
			buildConfigurationList = 9C99235F25A0F8AE004A8FB3 /* Build configuration list for PBXNativeTarget "InvokerAppUITests" */;
			buildPhases = (
				9C99234C25A0F8AE004A8FB3 /* Sources */,
				9C99234D25A0F8AE004A8FB3 /* Frameworks */,
				9C99234E25A0F8AE004A8FB3 /* Resources */,
			);
			buildRules = (
			);
			dependencies = (
				9C99235225A0F8AE004A8FB3 /* PBXTargetDependency */,
			);
			name = InvokerAppUITests;
			productName = InvokerAppUITests;
			productReference = 9C99235025A0F8AE004A8FB3 /* InvokerAppUITests.xctest */;
			productType = "com.apple.product-type.bundle.ui-testing";
		};
/* End PBXNativeTarget section */

/* Begin PBXProject section */
		9C99232725A0F8AC004A8FB3 /* Project object */ = {
			isa = PBXProject;
			attributes = {
				LastSwiftUpdateCheck = 1230;
				LastUpgradeCheck = 1230;
				TargetAttributes = {
					9C99232E25A0F8AC004A8FB3 = {
						CreatedOnToolsVersion = 12.3;
					};
					9C99234425A0F8AE004A8FB3 = {
						CreatedOnToolsVersion = 12.3;
						TestTargetID = 9C99232E25A0F8AC004A8FB3;
					};
					9C99234F25A0F8AE004A8FB3 = {
						CreatedOnToolsVersion = 12.3;
						TestTargetID = 9C99232E25A0F8AC004A8FB3;
					};
				};
			};
			buildConfigurationList = 9C99232A25A0F8AC004A8FB3 /* Build configuration list for PBXProject "InvokerApp" */;
			compatibilityVersion = "Xcode 9.3";
			developmentRegion = en;
			hasScannedForEncodings = 0;
			knownRegions = (
				en,
				Base,
			);
			mainGroup = 9C99232625A0F8AC004A8FB3;
			productRefGroup = 9C99233025A0F8AC004A8FB3 /* Products */;
			projectDirPath = "";
			projectRoot = "";
			targets = (
				9C99232E25A0F8AC004A8FB3 /* InvokerApp */,
				9C99234425A0F8AE004A8FB3 /* InvokerAppTests */,
				9C99234F25A0F8AE004A8FB3 /* InvokerAppUITests */,
			);
		};
/* End PBXProject section */

/* Begin PBXResourcesBuildPhase section */
		9C99232D25A0F8AC004A8FB3 /* Resources */ = {
			isa = PBXResourcesBuildPhase;
			buildActionMask = 2147483647;
			files = (
				9C99233F25A0F8AE004A8FB3 /* LaunchScreen.storyboard in Resources */,
				9C99233C25A0F8AE004A8FB3 /* Assets.xcassets in Resources */,
				9C99233A25A0F8AC004A8FB3 /* Main.storyboard in Resources */,
			);
			runOnlyForDeploymentPostprocessing = 0;
		};
		9C99234325A0F8AE004A8FB3 /* Resources */ = {
			isa = PBXResourcesBuildPhase;
			buildActionMask = 2147483647;
			files = (
			);
			runOnlyForDeploymentPostprocessing = 0;
		};
		9C99234E25A0F8AE004A8FB3 /* Resources */ = {
			isa = PBXResourcesBuildPhase;
			buildActionMask = 2147483647;
			files = (
			);
			runOnlyForDeploymentPostprocessing = 0;
		};
/* End PBXResourcesBuildPhase section */

/* Begin PBXSourcesBuildPhase section */
		9C99232B25A0F8AC004A8FB3 /* Sources */ = {
			isa = PBXSourcesBuildPhase;
			buildActionMask = 2147483647;
			files = (
				9C99233725A0F8AC004A8FB3 /* ViewController.swift in Sources */,
				9C99233325A0F8AC004A8FB3 /* AppDelegate.swift in Sources */,
				9C99233525A0F8AC004A8FB3 /* SceneDelegate.swift in Sources */,
			);
			runOnlyForDeploymentPostprocessing = 0;
		};
		9C99234125A0F8AE004A8FB3 /* Sources */ = {
			isa = PBXSourcesBuildPhase;
			buildActionMask = 2147483647;
			files = (
				9C99234A25A0F8AE004A8FB3 /* InvokerAppTests.swift in Sources */,
			);
			runOnlyForDeploymentPostprocessing = 0;
		};
		9C99234C25A0F8AE004A8FB3 /* Sources */ = {
			isa = PBXSourcesBuildPhase;
			buildActionMask = 2147483647;
			files = (
				9C99235525A0F8AE004A8FB3 /* InvokerAppUITests.swift in Sources */,
			);
			runOnlyForDeploymentPostprocessing = 0;
		};
/* End PBXSourcesBuildPhase section */

/* Begin PBXTargetDependency section */
		9C99234725A0F8AE004A8FB3 /* PBXTargetDependency */ = {
			isa = PBXTargetDependency;
			target = 9C99232E25A0F8AC004A8FB3 /* InvokerApp */;
			targetProxy = 9C99234625A0F8AE004A8FB3 /* PBXContainerItemProxy */;
		};
		9C99235225A0F8AE004A8FB3 /* PBXTargetDependency */ = {
			isa = PBXTargetDependency;
			target = 9C99232E25A0F8AC004A8FB3 /* InvokerApp */;
			targetProxy = 9C99235125A0F8AE004A8FB3 /* PBXContainerItemProxy */;
		};
/* End PBXTargetDependency section */

/* Begin PBXVariantGroup section */
		9C99233825A0F8AC004A8FB3 /* Main.storyboard */ = {
			isa = PBXVariantGroup;
			children = (
				9C99233925A0F8AC004A8FB3 /* Base */,
			);
			name = Main.storyboard;
			sourceTree = "<group>";
		};
		9C99233D25A0F8AE004A8FB3 /* LaunchScreen.storyboard */ = {
			isa = PBXVariantGroup;
			children = (
				9C99233E25A0F8AE004A8FB3 /* Base */,
			);
			name = LaunchScreen.storyboard;
			sourceTree = "<group>";
		};
/* End PBXVariantGroup section */

/* Begin XCBuildConfiguration section */
		9C99235725A0F8AE004A8FB3 /* Debug */ = {
			isa = XCBuildConfiguration;
			buildSettings = {
				ALWAYS_SEARCH_USER_PATHS = NO;
				CLANG_ANALYZER_NONNULL = YES;
				CLANG_ANALYZER_NUMBER_OBJECT_CONVERSION = YES_AGGRESSIVE;
				CLANG_CXX_LANGUAGE_STANDARD = "gnu++14";
				CLANG_CXX_LIBRARY = "libc++";
				CLANG_ENABLE_MODULES = YES;
				CLANG_ENABLE_OBJC_ARC = YES;
				CLANG_ENABLE_OBJC_WEAK = YES;
				CLANG_WARN_BLOCK_CAPTURE_AUTORELEASING = YES;
				CLANG_WARN_BOOL_CONVERSION = YES;
				CLANG_WARN_COMMA = YES;
				CLANG_WARN_CONSTANT_CONVERSION = YES;
				CLANG_WARN_DEPRECATED_OBJC_IMPLEMENTATIONS = YES;
				CLANG_WARN_DIRECT_OBJC_ISA_USAGE = YES_ERROR;
				CLANG_WARN_DOCUMENTATION_COMMENTS = YES;
				CLANG_WARN_EMPTY_BODY = YES;
				CLANG_WARN_ENUM_CONVERSION = YES;
				CLANG_WARN_INFINITE_RECURSION = YES;
				CLANG_WARN_INT_CONVERSION = YES;
				CLANG_WARN_NON_LITERAL_NULL_CONVERSION = YES;
				CLANG_WARN_OBJC_IMPLICIT_RETAIN_SELF = YES;
				CLANG_WARN_OBJC_LITERAL_CONVERSION = YES;
				CLANG_WARN_OBJC_ROOT_CLASS = YES_ERROR;
				CLANG_WARN_QUOTED_INCLUDE_IN_FRAMEWORK_HEADER = YES;
				CLANG_WARN_RANGE_LOOP_ANALYSIS = YES;
				CLANG_WARN_STRICT_PROTOTYPES = YES;
				CLANG_WARN_SUSPICIOUS_MOVE = YES;
				CLANG_WARN_UNGUARDED_AVAILABILITY = YES_AGGRESSIVE;
				CLANG_WARN_UNREACHABLE_CODE = YES;
				CLANG_WARN__DUPLICATE_METHOD_MATCH = YES;
				COPY_PHASE_STRIP = NO;
				DEBUG_INFORMATION_FORMAT = dwarf;
				ENABLE_STRICT_OBJC_MSGSEND = YES;
				ENABLE_TESTABILITY = YES;
				GCC_C_LANGUAGE_STANDARD = gnu11;
				GCC_DYNAMIC_NO_PIC = NO;
				GCC_NO_COMMON_BLOCKS = YES;
				GCC_OPTIMIZATION_LEVEL = 0;
				GCC_PREPROCESSOR_DEFINITIONS = (
					"DEBUG=1",
					"$(inherited)",
				);
				GCC_WARN_64_TO_32_BIT_CONVERSION = YES;
				GCC_WARN_ABOUT_RETURN_TYPE = YES_ERROR;
				GCC_WARN_UNDECLARED_SELECTOR = YES;
				GCC_WARN_UNINITIALIZED_AUTOS = YES_AGGRESSIVE;
				GCC_WARN_UNUSED_FUNCTION = YES;
				GCC_WARN_UNUSED_VARIABLE = YES;
				IPHONEOS_DEPLOYMENT_TARGET = 14.3;
				MTL_ENABLE_DEBUG_INFO = INCLUDE_SOURCE;
				MTL_FAST_MATH = YES;
				ONLY_ACTIVE_ARCH = YES;
				SDKROOT = iphoneos;
				SWIFT_ACTIVE_COMPILATION_CONDITIONS = DEBUG;
				SWIFT_OPTIMIZATION_LEVEL = "-Onone";
			};
			name = Debug;
		};
		9C99235825A0F8AE004A8FB3 /* Release */ = {
			isa = XCBuildConfiguration;
			buildSettings = {
				ALWAYS_SEARCH_USER_PATHS = NO;
				CLANG_ANALYZER_NONNULL = YES;
				CLANG_ANALYZER_NUMBER_OBJECT_CONVERSION = YES_AGGRESSIVE;
				CLANG_CXX_LANGUAGE_STANDARD = "gnu++14";
				CLANG_CXX_LIBRARY = "libc++";
				CLANG_ENABLE_MODULES = YES;
				CLANG_ENABLE_OBJC_ARC = YES;
				CLANG_ENABLE_OBJC_WEAK = YES;
				CLANG_WARN_BLOCK_CAPTURE_AUTORELEASING = YES;
				CLANG_WARN_BOOL_CONVERSION = YES;
				CLANG_WARN_COMMA = YES;
				CLANG_WARN_CONSTANT_CONVERSION = YES;
				CLANG_WARN_DEPRECATED_OBJC_IMPLEMENTATIONS = YES;
				CLANG_WARN_DIRECT_OBJC_ISA_USAGE = YES_ERROR;
				CLANG_WARN_DOCUMENTATION_COMMENTS = YES;
				CLANG_WARN_EMPTY_BODY = YES;
				CLANG_WARN_ENUM_CONVERSION = YES;
				CLANG_WARN_INFINITE_RECURSION = YES;
				CLANG_WARN_INT_CONVERSION = YES;
				CLANG_WARN_NON_LITERAL_NULL_CONVERSION = YES;
				CLANG_WARN_OBJC_IMPLICIT_RETAIN_SELF = YES;
				CLANG_WARN_OBJC_LITERAL_CONVERSION = YES;
				CLANG_WARN_OBJC_ROOT_CLASS = YES_ERROR;
				CLANG_WARN_QUOTED_INCLUDE_IN_FRAMEWORK_HEADER = YES;
				CLANG_WARN_RANGE_LOOP_ANALYSIS = YES;
				CLANG_WARN_STRICT_PROTOTYPES = YES;
				CLANG_WARN_SUSPICIOUS_MOVE = YES;
				CLANG_WARN_UNGUARDED_AVAILABILITY = YES_AGGRESSIVE;
				CLANG_WARN_UNREACHABLE_CODE = YES;
				CLANG_WARN__DUPLICATE_METHOD_MATCH = YES;
				COPY_PHASE_STRIP = NO;
				DEBUG_INFORMATION_FORMAT = "dwarf-with-dsym";
				ENABLE_NS_ASSERTIONS = NO;
				ENABLE_STRICT_OBJC_MSGSEND = YES;
				GCC_C_LANGUAGE_STANDARD = gnu11;
				GCC_NO_COMMON_BLOCKS = YES;
				GCC_WARN_64_TO_32_BIT_CONVERSION = YES;
				GCC_WARN_ABOUT_RETURN_TYPE = YES_ERROR;
				GCC_WARN_UNDECLARED_SELECTOR = YES;
				GCC_WARN_UNINITIALIZED_AUTOS = YES_AGGRESSIVE;
				GCC_WARN_UNUSED_FUNCTION = YES;
				GCC_WARN_UNUSED_VARIABLE = YES;
				IPHONEOS_DEPLOYMENT_TARGET = 14.3;
				MTL_ENABLE_DEBUG_INFO = NO;
				MTL_FAST_MATH = YES;
				SDKROOT = iphoneos;
				SWIFT_COMPILATION_MODE = wholemodule;
				SWIFT_OPTIMIZATION_LEVEL = "-O";
				VALIDATE_PRODUCT = YES;
			};
			name = Release;
		};
		9C99235A25A0F8AE004A8FB3 /* Debug */ = {
			isa = XCBuildConfiguration;
			buildSettings = {
				ASSETCATALOG_COMPILER_APPICON_NAME = AppIcon;
				ASSETCATALOG_COMPILER_GLOBAL_ACCENT_COLOR_NAME = AccentColor;
				CODE_SIGN_STYLE = Automatic;
				INFOPLIST_FILE = InvokerApp/Info.plist;
				LD_RUNPATH_SEARCH_PATHS = (
					"$(inherited)",
					"@executable_path/Frameworks",
				);
				PRODUCT_BUNDLE_IDENTIFIER = io.github.akueisara.InvokerApp;
				PRODUCT_NAME = "$(TARGET_NAME)";
				SWIFT_VERSION = 5.0;
				TARGETED_DEVICE_FAMILY = "1,2";
			};
			name = Debug;
		};
		9C99235B25A0F8AE004A8FB3 /* Release */ = {
			isa = XCBuildConfiguration;
			buildSettings = {
				ASSETCATALOG_COMPILER_APPICON_NAME = AppIcon;
				ASSETCATALOG_COMPILER_GLOBAL_ACCENT_COLOR_NAME = AccentColor;
				CODE_SIGN_STYLE = Automatic;
				INFOPLIST_FILE = InvokerApp/Info.plist;
				LD_RUNPATH_SEARCH_PATHS = (
					"$(inherited)",
					"@executable_path/Frameworks",
				);
				PRODUCT_BUNDLE_IDENTIFIER = io.github.akueisara.InvokerApp;
				PRODUCT_NAME = "$(TARGET_NAME)";
				SWIFT_VERSION = 5.0;
				TARGETED_DEVICE_FAMILY = "1,2";
			};
			name = Release;
		};
		9C99235D25A0F8AE004A8FB3 /* Debug */ = {
			isa = XCBuildConfiguration;
			buildSettings = {
				ALWAYS_EMBED_SWIFT_STANDARD_LIBRARIES = YES;
				BUNDLE_LOADER = "$(TEST_HOST)";
				CODE_SIGN_STYLE = Automatic;
				INFOPLIST_FILE = InvokerAppTests/Info.plist;
				IPHONEOS_DEPLOYMENT_TARGET = 14.3;
				LD_RUNPATH_SEARCH_PATHS = (
					"$(inherited)",
					"@executable_path/Frameworks",
					"@loader_path/Frameworks",
				);
				PRODUCT_BUNDLE_IDENTIFIER = io.github.akueisara.InvokerAppTests;
				PRODUCT_NAME = "$(TARGET_NAME)";
				SWIFT_VERSION = 5.0;
				TARGETED_DEVICE_FAMILY = "1,2";
				TEST_HOST = "$(BUILT_PRODUCTS_DIR)/InvokerApp.app/InvokerApp";
			};
			name = Debug;
		};
		9C99235E25A0F8AE004A8FB3 /* Release */ = {
			isa = XCBuildConfiguration;
			buildSettings = {
				ALWAYS_EMBED_SWIFT_STANDARD_LIBRARIES = YES;
				BUNDLE_LOADER = "$(TEST_HOST)";
				CODE_SIGN_STYLE = Automatic;
				INFOPLIST_FILE = InvokerAppTests/Info.plist;
				IPHONEOS_DEPLOYMENT_TARGET = 14.3;
				LD_RUNPATH_SEARCH_PATHS = (
					"$(inherited)",
					"@executable_path/Frameworks",
					"@loader_path/Frameworks",
				);
				PRODUCT_BUNDLE_IDENTIFIER = io.github.akueisara.InvokerAppTests;
				PRODUCT_NAME = "$(TARGET_NAME)";
				SWIFT_VERSION = 5.0;
				TARGETED_DEVICE_FAMILY = "1,2";
				TEST_HOST = "$(BUILT_PRODUCTS_DIR)/InvokerApp.app/InvokerApp";
			};
			name = Release;
		};
		9C99236025A0F8AE004A8FB3 /* Debug */ = {
			isa = XCBuildConfiguration;
			buildSettings = {
				ALWAYS_EMBED_SWIFT_STANDARD_LIBRARIES = YES;
				CODE_SIGN_STYLE = Automatic;
				INFOPLIST_FILE = InvokerAppUITests/Info.plist;
				LD_RUNPATH_SEARCH_PATHS = (
					"$(inherited)",
					"@executable_path/Frameworks",
					"@loader_path/Frameworks",
				);
				PRODUCT_BUNDLE_IDENTIFIER = io.github.akueisara.InvokerAppUITests;
				PRODUCT_NAME = "$(TARGET_NAME)";
				SWIFT_VERSION = 5.0;
				TARGETED_DEVICE_FAMILY = "1,2";
				TEST_TARGET_NAME = InvokerApp;
			};
			name = Debug;
		};
		9C99236125A0F8AE004A8FB3 /* Release */ = {
			isa = XCBuildConfiguration;
			buildSettings = {
				ALWAYS_EMBED_SWIFT_STANDARD_LIBRARIES = YES;
				CODE_SIGN_STYLE = Automatic;
				INFOPLIST_FILE = InvokerAppUITests/Info.plist;
				LD_RUNPATH_SEARCH_PATHS = (
					"$(inherited)",
					"@executable_path/Frameworks",
					"@loader_path/Frameworks",
				);
				PRODUCT_BUNDLE_IDENTIFIER = io.github.akueisara.InvokerAppUITests;
				PRODUCT_NAME = "$(TARGET_NAME)";
				SWIFT_VERSION = 5.0;
				TARGETED_DEVICE_FAMILY = "1,2";
				TEST_TARGET_NAME = InvokerApp;
			};
			name = Release;
		};
/* End XCBuildConfiguration section */

/* Begin XCConfigurationList section */
		9C99232A25A0F8AC004A8FB3 /* Build configuration list for PBXProject "InvokerApp" */ = {
			isa = XCConfigurationList;
			buildConfigurations = (
				9C99235725A0F8AE004A8FB3 /* Debug */,
				9C99235825A0F8AE004A8FB3 /* Release */,
			);
			defaultConfigurationIsVisible = 0;
			defaultConfigurationName = Release;
		};
		9C99235925A0F8AE004A8FB3 /* Build configuration list for PBXNativeTarget "InvokerApp" */ = {
			isa = XCConfigurationList;
			buildConfigurations = (
				9C99235A25A0F8AE004A8FB3 /* Debug */,
				9C99235B25A0F8AE004A8FB3 /* Release */,
			);
			defaultConfigurationIsVisible = 0;
			defaultConfigurationName = Release;
		};
		9C99235C25A0F8AE004A8FB3 /* Build configuration list for PBXNativeTarget "InvokerAppTests" */ = {
			isa = XCConfigurationList;
			buildConfigurations = (
				9C99235D25A0F8AE004A8FB3 /* Debug */,
				9C99235E25A0F8AE004A8FB3 /* Release */,
			);
			defaultConfigurationIsVisible = 0;
			defaultConfigurationName = Release;
		};
		9C99235F25A0F8AE004A8FB3 /* Build configuration list for PBXNativeTarget "InvokerAppUITests" */ = {
			isa = XCConfigurationList;
			buildConfigurations = (
				9C99236025A0F8AE004A8FB3 /* Debug */,
				9C99236125A0F8AE004A8FB3 /* Release */,
			);
			defaultConfigurationIsVisible = 0;
			defaultConfigurationName = Release;
		};
/* End XCConfigurationList section */
	};
	rootObject = 9C99232725A0F8AC004A8FB3 /* Project object */;
}
