// !$*UTF8*$!
{
	archiveVersion = 1;
	classes = {
	};
	objectVersion = 50;
	objects = {

/* Begin PBXBuildFile section */
		9C31559525A0CB29005912B9 /* AppDelegate.swift in Sources */ = {isa = PBXBuildFile; fileRef = 9C31559425A0CB29005912B9 /* AppDelegate.swift */; };
		9C31559725A0CB29005912B9 /* SceneDelegate.swift in Sources */ = {isa = PBXBuildFile; fileRef = 9C31559625A0CB29005912B9 /* SceneDelegate.swift */; };
		9C31559925A0CB29005912B9 /* ViewController.swift in Sources */ = {isa = PBXBuildFile; fileRef = 9C31559825A0CB29005912B9 /* ViewController.swift */; };
		9C31559C25A0CB29005912B9 /* Main.storyboard in Resources */ = {isa = PBXBuildFile; fileRef = 9C31559A25A0CB29005912B9 /* Main.storyboard */; };
		9C31559E25A0CB2A005912B9 /* Assets.xcassets in Resources */ = {isa = PBXBuildFile; fileRef = 9C31559D25A0CB2A005912B9 /* Assets.xcassets */; };
		9C3155A125A0CB2A005912B9 /* LaunchScreen.storyboard in Resources */ = {isa = PBXBuildFile; fileRef = 9C31559F25A0CB2A005912B9 /* LaunchScreen.storyboard */; };
		9C3155AC25A0CB2B005912B9 /* MasterDetailTests.swift in Sources */ = {isa = PBXBuildFile; fileRef = 9C3155AB25A0CB2B005912B9 /* MasterDetailTests.swift */; };
		9C3155B725A0CB2B005912B9 /* MasterDetailUITests.swift in Sources */ = {isa = PBXBuildFile; fileRef = 9C3155B625A0CB2B005912B9 /* MasterDetailUITests.swift */; };
		9C3155C925A0CB40005912B9 /* MasterViewController.swift in Sources */ = {isa = PBXBuildFile; fileRef = 9C3155C725A0CB40005912B9 /* MasterViewController.swift */; };
		9C3155CA25A0CB40005912B9 /* DetailViewController.swift in Sources */ = {isa = PBXBuildFile; fileRef = 9C3155C825A0CB40005912B9 /* DetailViewController.swift */; };
		9C3155CF25A0D74F005912B9 /* Model.swift in Sources */ = {isa = PBXBuildFile; fileRef = 9C3155CE25A0D74F005912B9 /* Model.swift */; };
		9C3155D425A0D872005912B9 /* Presenter.swift in Sources */ = {isa = PBXBuildFile; fileRef = 9C3155D325A0D872005912B9 /* Presenter.swift */; };
/* End PBXBuildFile section */

/* Begin PBXContainerItemProxy section */
		9C3155A825A0CB2B005912B9 /* PBXContainerItemProxy */ = {
			isa = PBXContainerItemProxy;
			containerPortal = 9C31558925A0CB29005912B9 /* Project object */;
			proxyType = 1;
			remoteGlobalIDString = 9C31559025A0CB29005912B9;
			remoteInfo = MasterDetail;
		};
		9C3155B325A0CB2B005912B9 /* PBXContainerItemProxy */ = {
			isa = PBXContainerItemProxy;
			containerPortal = 9C31558925A0CB29005912B9 /* Project object */;
			proxyType = 1;
			remoteGlobalIDString = 9C31559025A0CB29005912B9;
			remoteInfo = MasterDetail;
		};
/* End PBXContainerItemProxy section */

/* Begin PBXFileReference section */
		9C31559125A0CB29005912B9 /* MasterDetail.app */ = {isa = PBXFileReference; explicitFileType = wrapper.application; includeInIndex = 0; path = MasterDetail.app; sourceTree = BUILT_PRODUCTS_DIR; };
		9C31559425A0CB29005912B9 /* AppDelegate.swift */ = {isa = PBXFileReference; lastKnownFileType = sourcecode.swift; path = AppDelegate.swift; sourceTree = "<group>"; };
		9C31559625A0CB29005912B9 /* SceneDelegate.swift */ = {isa = PBXFileReference; lastKnownFileType = sourcecode.swift; path = SceneDelegate.swift; sourceTree = "<group>"; };
		9C31559825A0CB29005912B9 /* ViewController.swift */ = {isa = PBXFileReference; lastKnownFileType = sourcecode.swift; path = ViewController.swift; sourceTree = "<group>"; };
		9C31559B25A0CB29005912B9 /* Base */ = {isa = PBXFileReference; lastKnownFileType = file.storyboard; name = Base; path = Base.lproj/Main.storyboard; sourceTree = "<group>"; };
		9C31559D25A0CB2A005912B9 /* Assets.xcassets */ = {isa = PBXFileReference; lastKnownFileType = folder.assetcatalog; path = Assets.xcassets; sourceTree = "<group>"; };
		9C3155A025A0CB2A005912B9 /* Base */ = {isa = PBXFileReference; lastKnownFileType = file.storyboard; name = Base; path = Base.lproj/LaunchScreen.storyboard; sourceTree = "<group>"; };
		9C3155A225A0CB2A005912B9 /* Info.plist */ = {isa = PBXFileReference; lastKnownFileType = text.plist.xml; path = Info.plist; sourceTree = "<group>"; };
		9C3155A725A0CB2B005912B9 /* MasterDetailTests.xctest */ = {isa = PBXFileReference; explicitFileType = wrapper.cfbundle; includeInIndex = 0; path = MasterDetailTests.xctest; sourceTree = BUILT_PRODUCTS_DIR; };
		9C3155AB25A0CB2B005912B9 /* MasterDetailTests.swift */ = {isa = PBXFileReference; lastKnownFileType = sourcecode.swift; path = MasterDetailTests.swift; sourceTree = "<group>"; };
		9C3155AD25A0CB2B005912B9 /* Info.plist */ = {isa = PBXFileReference; lastKnownFileType = text.plist.xml; path = Info.plist; sourceTree = "<group>"; };
		9C3155B225A0CB2B005912B9 /* MasterDetailUITests.xctest */ = {isa = PBXFileReference; explicitFileType = wrapper.cfbundle; includeInIndex = 0; path = MasterDetailUITests.xctest; sourceTree = BUILT_PRODUCTS_DIR; };
		9C3155B625A0CB2B005912B9 /* MasterDetailUITests.swift */ = {isa = PBXFileReference; lastKnownFileType = sourcecode.swift; path = MasterDetailUITests.swift; sourceTree = "<group>"; };
		9C3155B825A0CB2B005912B9 /* Info.plist */ = {isa = PBXFileReference; lastKnownFileType = text.plist.xml; path = Info.plist; sourceTree = "<group>"; };
		9C3155C725A0CB40005912B9 /* MasterViewController.swift */ = {isa = PBXFileReference; fileEncoding = 4; lastKnownFileType = sourcecode.swift; path = MasterViewController.swift; sourceTree = "<group>"; };
		9C3155C825A0CB40005912B9 /* DetailViewController.swift */ = {isa = PBXFileReference; fileEncoding = 4; lastKnownFileType = sourcecode.swift; path = DetailViewController.swift; sourceTree = "<group>"; };
		9C3155CE25A0D74F005912B9 /* Model.swift */ = {isa = PBXFileReference; lastKnownFileType = sourcecode.swift; path = Model.swift; sourceTree = "<group>"; };
		9C3155D325A0D872005912B9 /* Presenter.swift */ = {isa = PBXFileReference; lastKnownFileType = sourcecode.swift; path = Presenter.swift; sourceTree = "<group>"; };
/* End PBXFileReference section */

/* Begin PBXFrameworksBuildPhase section */
		9C31558E25A0CB29005912B9 /* Frameworks */ = {
			isa = PBXFrameworksBuildPhase;
			buildActionMask = 2147483647;
			files = (
			);
			runOnlyForDeploymentPostprocessing = 0;
		};
		9C3155A425A0CB2A005912B9 /* Frameworks */ = {
			isa = PBXFrameworksBuildPhase;
			buildActionMask = 2147483647;
			files = (
			);
			runOnlyForDeploymentPostprocessing = 0;
		};
		9C3155AF25A0CB2B005912B9 /* Frameworks */ = {
			isa = PBXFrameworksBuildPhase;
			buildActionMask = 2147483647;
			files = (
			);
			runOnlyForDeploymentPostprocessing = 0;
		};
/* End PBXFrameworksBuildPhase section */

/* Begin PBXGroup section */
		9C31558825A0CB29005912B9 = {
			isa = PBXGroup;
			children = (
				9C31559325A0CB29005912B9 /* MasterDetail */,
				9C3155AA25A0CB2B005912B9 /* MasterDetailTests */,
				9C3155B525A0CB2B005912B9 /* MasterDetailUITests */,
				9C31559225A0CB29005912B9 /* Products */,
			);
			sourceTree = "<group>";
		};
		9C31559225A0CB29005912B9 /* Products */ = {
			isa = PBXGroup;
			children = (
				9C31559125A0CB29005912B9 /* MasterDetail.app */,
				9C3155A725A0CB2B005912B9 /* MasterDetailTests.xctest */,
				9C3155B225A0CB2B005912B9 /* MasterDetailUITests.xctest */,
			);
			name = Products;
			sourceTree = "<group>";
		};
		9C31559325A0CB29005912B9 /* MasterDetail */ = {
			isa = PBXGroup;
			children = (
				9C3155C825A0CB40005912B9 /* DetailViewController.swift */,
				9C3155C725A0CB40005912B9 /* MasterViewController.swift */,
				9C31559425A0CB29005912B9 /* AppDelegate.swift */,
				9C31559625A0CB29005912B9 /* SceneDelegate.swift */,
				9C31559825A0CB29005912B9 /* ViewController.swift */,
				9C31559A25A0CB29005912B9 /* Main.storyboard */,
				9C31559D25A0CB2A005912B9 /* Assets.xcassets */,
				9C31559F25A0CB2A005912B9 /* LaunchScreen.storyboard */,
				9C3155A225A0CB2A005912B9 /* Info.plist */,
				9C3155CE25A0D74F005912B9 /* Model.swift */,
				9C3155D325A0D872005912B9 /* Presenter.swift */,
			);
			path = MasterDetail;
			sourceTree = "<group>";
		};
		9C3155AA25A0CB2B005912B9 /* MasterDetailTests */ = {
			isa = PBXGroup;
			children = (
				9C3155AB25A0CB2B005912B9 /* MasterDetailTests.swift */,
				9C3155AD25A0CB2B005912B9 /* Info.plist */,
			);
			path = MasterDetailTests;
			sourceTree = "<group>";
		};
		9C3155B525A0CB2B005912B9 /* MasterDetailUITests */ = {
			isa = PBXGroup;
			children = (
				9C3155B625A0CB2B005912B9 /* MasterDetailUITests.swift */,
				9C3155B825A0CB2B005912B9 /* Info.plist */,
			);
			path = MasterDetailUITests;
			sourceTree = "<group>";
		};
/* End PBXGroup section */

/* Begin PBXNativeTarget section */
		9C31559025A0CB29005912B9 /* MasterDetail */ = {
			isa = PBXNativeTarget;
			buildConfigurationList = 9C3155BB25A0CB2B005912B9 /* Build configuration list for PBXNativeTarget "MasterDetail" */;
			buildPhases = (
				9C31558D25A0CB29005912B9 /* Sources */,
				9C31558E25A0CB29005912B9 /* Frameworks */,
				9C31558F25A0CB29005912B9 /* Resources */,
			);
			buildRules = (
			);
			dependencies = (
			);
			name = MasterDetail;
			productName = MasterDetail;
			productReference = 9C31559125A0CB29005912B9 /* MasterDetail.app */;
			productType = "com.apple.product-type.application";
		};
		9C3155A625A0CB2A005912B9 /* MasterDetailTests */ = {
			isa = PBXNativeTarget;
			buildConfigurationList = 9C3155BE25A0CB2B005912B9 /* Build configuration list for PBXNativeTarget "MasterDetailTests" */;
			buildPhases = (
				9C3155A325A0CB2A005912B9 /* Sources */,
				9C3155A425A0CB2A005912B9 /* Frameworks */,
				9C3155A525A0CB2A005912B9 /* Resources */,
			);
			buildRules = (
			);
			dependencies = (
				9C3155A925A0CB2B005912B9 /* PBXTargetDependency */,
			);
			name = MasterDetailTests;
			productName = MasterDetailTests;
			productReference = 9C3155A725A0CB2B005912B9 /* MasterDetailTests.xctest */;
			productType = "com.apple.product-type.bundle.unit-test";
		};
		9C3155B125A0CB2B005912B9 /* MasterDetailUITests */ = {
			isa = PBXNativeTarget;
			buildConfigurationList = 9C3155C125A0CB2B005912B9 /* Build configuration list for PBXNativeTarget "MasterDetailUITests" */;
			buildPhases = (
				9C3155AE25A0CB2B005912B9 /* Sources */,
				9C3155AF25A0CB2B005912B9 /* Frameworks */,
				9C3155B025A0CB2B005912B9 /* Resources */,
			);
			buildRules = (
			);
			dependencies = (
				9C3155B425A0CB2B005912B9 /* PBXTargetDependency */,
			);
			name = MasterDetailUITests;
			productName = MasterDetailUITests;
			productReference = 9C3155B225A0CB2B005912B9 /* MasterDetailUITests.xctest */;
			productType = "com.apple.product-type.bundle.ui-testing";
		};
/* End PBXNativeTarget section */

/* Begin PBXProject section */
		9C31558925A0CB29005912B9 /* Project object */ = {
			isa = PBXProject;
			attributes = {
				LastSwiftUpdateCheck = 1230;
				LastUpgradeCheck = 1230;
				TargetAttributes = {
					9C31559025A0CB29005912B9 = {
						CreatedOnToolsVersion = 12.3;
					};
					9C3155A625A0CB2A005912B9 = {
						CreatedOnToolsVersion = 12.3;
						TestTargetID = 9C31559025A0CB29005912B9;
					};
					9C3155B125A0CB2B005912B9 = {
						CreatedOnToolsVersion = 12.3;
						TestTargetID = 9C31559025A0CB29005912B9;
					};
				};
			};
			buildConfigurationList = 9C31558C25A0CB29005912B9 /* Build configuration list for PBXProject "MasterDetail" */;
			compatibilityVersion = "Xcode 9.3";
			developmentRegion = en;
			hasScannedForEncodings = 0;
			knownRegions = (
				en,
				Base,
			);
			mainGroup = 9C31558825A0CB29005912B9;
			productRefGroup = 9C31559225A0CB29005912B9 /* Products */;
			projectDirPath = "";
			projectRoot = "";
			targets = (
				9C31559025A0CB29005912B9 /* MasterDetail */,
				9C3155A625A0CB2A005912B9 /* MasterDetailTests */,
				9C3155B125A0CB2B005912B9 /* MasterDetailUITests */,
			);
		};
/* End PBXProject section */

/* Begin PBXResourcesBuildPhase section */
		9C31558F25A0CB29005912B9 /* Resources */ = {
			isa = PBXResourcesBuildPhase;
			buildActionMask = 2147483647;
			files = (
				9C3155A125A0CB2A005912B9 /* LaunchScreen.storyboard in Resources */,
				9C31559E25A0CB2A005912B9 /* Assets.xcassets in Resources */,
				9C31559C25A0CB29005912B9 /* Main.storyboard in Resources */,
			);
			runOnlyForDeploymentPostprocessing = 0;
		};
		9C3155A525A0CB2A005912B9 /* Resources */ = {
			isa = PBXResourcesBuildPhase;
			buildActionMask = 2147483647;
			files = (
			);
			runOnlyForDeploymentPostprocessing = 0;
		};
		9C3155B025A0CB2B005912B9 /* Resources */ = {
			isa = PBXResourcesBuildPhase;
			buildActionMask = 2147483647;
			files = (
			);
			runOnlyForDeploymentPostprocessing = 0;
		};
/* End PBXResourcesBuildPhase section */

/* Begin PBXSourcesBuildPhase section */
		9C31558D25A0CB29005912B9 /* Sources */ = {
			isa = PBXSourcesBuildPhase;
			buildActionMask = 2147483647;
			files = (
				9C3155C925A0CB40005912B9 /* MasterViewController.swift in Sources */,
				9C3155D425A0D872005912B9 /* Presenter.swift in Sources */,
				9C31559925A0CB29005912B9 /* ViewController.swift in Sources */,
				9C3155CA25A0CB40005912B9 /* DetailViewController.swift in Sources */,
				9C3155CF25A0D74F005912B9 /* Model.swift in Sources */,
				9C31559525A0CB29005912B9 /* AppDelegate.swift in Sources */,
				9C31559725A0CB29005912B9 /* SceneDelegate.swift in Sources */,
			);
			runOnlyForDeploymentPostprocessing = 0;
		};
		9C3155A325A0CB2A005912B9 /* Sources */ = {
			isa = PBXSourcesBuildPhase;
			buildActionMask = 2147483647;
			files = (
				9C3155AC25A0CB2B005912B9 /* MasterDetailTests.swift in Sources */,
			);
			runOnlyForDeploymentPostprocessing = 0;
		};
		9C3155AE25A0CB2B005912B9 /* Sources */ = {
			isa = PBXSourcesBuildPhase;
			buildActionMask = 2147483647;
			files = (
				9C3155B725A0CB2B005912B9 /* MasterDetailUITests.swift in Sources */,
			);
			runOnlyForDeploymentPostprocessing = 0;
		};
/* End PBXSourcesBuildPhase section */

/* Begin PBXTargetDependency section */
		9C3155A925A0CB2B005912B9 /* PBXTargetDependency */ = {
			isa = PBXTargetDependency;
			target = 9C31559025A0CB29005912B9 /* MasterDetail */;
			targetProxy = 9C3155A825A0CB2B005912B9 /* PBXContainerItemProxy */;
		};
		9C3155B425A0CB2B005912B9 /* PBXTargetDependency */ = {
			isa = PBXTargetDependency;
			target = 9C31559025A0CB29005912B9 /* MasterDetail */;
			targetProxy = 9C3155B325A0CB2B005912B9 /* PBXContainerItemProxy */;
		};
/* End PBXTargetDependency section */

/* Begin PBXVariantGroup section */
		9C31559A25A0CB29005912B9 /* Main.storyboard */ = {
			isa = PBXVariantGroup;
			children = (
				9C31559B25A0CB29005912B9 /* Base */,
			);
			name = Main.storyboard;
			sourceTree = "<group>";
		};
		9C31559F25A0CB2A005912B9 /* LaunchScreen.storyboard */ = {
			isa = PBXVariantGroup;
			children = (
				9C3155A025A0CB2A005912B9 /* Base */,
			);
			name = LaunchScreen.storyboard;
			sourceTree = "<group>";
		};
/* End PBXVariantGroup section */

/* Begin XCBuildConfiguration section */
		9C3155B925A0CB2B005912B9 /* Debug */ = {
			isa = XCBuildConfiguration;
			buildSettings = {
				ALWAYS_SEARCH_USER_PATHS = NO;
				CLANG_ANALYZER_NONNULL = YES;
				CLANG_ANALYZER_NUMBER_OBJECT_CONVERSION = YES_AGGRESSIVE;
				CLANG_CXX_LANGUAGE_STANDARD = "gnu++14";
				CLANG_CXX_LIBRARY = "libc++";
				CLANG_ENABLE_MODULES = YES;
				CLANG_ENABLE_OBJC_ARC = YES;
				CLANG_ENABLE_OBJC_WEAK = YES;
				CLANG_WARN_BLOCK_CAPTURE_AUTORELEASING = YES;
				CLANG_WARN_BOOL_CONVERSION = YES;
				CLANG_WARN_COMMA = YES;
				CLANG_WARN_CONSTANT_CONVERSION = YES;
				CLANG_WARN_DEPRECATED_OBJC_IMPLEMENTATIONS = YES;
				CLANG_WARN_DIRECT_OBJC_ISA_USAGE = YES_ERROR;
				CLANG_WARN_DOCUMENTATION_COMMENTS = YES;
				CLANG_WARN_EMPTY_BODY = YES;
				CLANG_WARN_ENUM_CONVERSION = YES;
				CLANG_WARN_INFINITE_RECURSION = YES;
				CLANG_WARN_INT_CONVERSION = YES;
				CLANG_WARN_NON_LITERAL_NULL_CONVERSION = YES;
				CLANG_WARN_OBJC_IMPLICIT_RETAIN_SELF = YES;
				CLANG_WARN_OBJC_LITERAL_CONVERSION = YES;
				CLANG_WARN_OBJC_ROOT_CLASS = YES_ERROR;
				CLANG_WARN_QUOTED_INCLUDE_IN_FRAMEWORK_HEADER = YES;
				CLANG_WARN_RANGE_LOOP_ANALYSIS = YES;
				CLANG_WARN_STRICT_PROTOTYPES = YES;
				CLANG_WARN_SUSPICIOUS_MOVE = YES;
				CLANG_WARN_UNGUARDED_AVAILABILITY = YES_AGGRESSIVE;
				CLANG_WARN_UNREACHABLE_CODE = YES;
				CLANG_WARN__DUPLICATE_METHOD_MATCH = YES;
				COPY_PHASE_STRIP = NO;
				DEBUG_INFORMATION_FORMAT = dwarf;
				ENABLE_STRICT_OBJC_MSGSEND = YES;
				ENABLE_TESTABILITY = YES;
				GCC_C_LANGUAGE_STANDARD = gnu11;
				GCC_DYNAMIC_NO_PIC = NO;
				GCC_NO_COMMON_BLOCKS = YES;
				GCC_OPTIMIZATION_LEVEL = 0;
				GCC_PREPROCESSOR_DEFINITIONS = (
					"DEBUG=1",
					"$(inherited)",
				);
				GCC_WARN_64_TO_32_BIT_CONVERSION = YES;
				GCC_WARN_ABOUT_RETURN_TYPE = YES_ERROR;
				GCC_WARN_UNDECLARED_SELECTOR = YES;
				GCC_WARN_UNINITIALIZED_AUTOS = YES_AGGRESSIVE;
				GCC_WARN_UNUSED_FUNCTION = YES;
				GCC_WARN_UNUSED_VARIABLE = YES;
				IPHONEOS_DEPLOYMENT_TARGET = 14.3;
				MTL_ENABLE_DEBUG_INFO = INCLUDE_SOURCE;
				MTL_FAST_MATH = YES;
				ONLY_ACTIVE_ARCH = YES;
				SDKROOT = iphoneos;
				SWIFT_ACTIVE_COMPILATION_CONDITIONS = DEBUG;
				SWIFT_OPTIMIZATION_LEVEL = "-Onone";
			};
			name = Debug;
		};
		9C3155BA25A0CB2B005912B9 /* Release */ = {
			isa = XCBuildConfiguration;
			buildSettings = {
				ALWAYS_SEARCH_USER_PATHS = NO;
				CLANG_ANALYZER_NONNULL = YES;
				CLANG_ANALYZER_NUMBER_OBJECT_CONVERSION = YES_AGGRESSIVE;
				CLANG_CXX_LANGUAGE_STANDARD = "gnu++14";
				CLANG_CXX_LIBRARY = "libc++";
				CLANG_ENABLE_MODULES = YES;
				CLANG_ENABLE_OBJC_ARC = YES;
				CLANG_ENABLE_OBJC_WEAK = YES;
				CLANG_WARN_BLOCK_CAPTURE_AUTORELEASING = YES;
				CLANG_WARN_BOOL_CONVERSION = YES;
				CLANG_WARN_COMMA = YES;
				CLANG_WARN_CONSTANT_CONVERSION = YES;
				CLANG_WARN_DEPRECATED_OBJC_IMPLEMENTATIONS = YES;
				CLANG_WARN_DIRECT_OBJC_ISA_USAGE = YES_ERROR;
				CLANG_WARN_DOCUMENTATION_COMMENTS = YES;
				CLANG_WARN_EMPTY_BODY = YES;
				CLANG_WARN_ENUM_CONVERSION = YES;
				CLANG_WARN_INFINITE_RECURSION = YES;
				CLANG_WARN_INT_CONVERSION = YES;
				CLANG_WARN_NON_LITERAL_NULL_CONVERSION = YES;
				CLANG_WARN_OBJC_IMPLICIT_RETAIN_SELF = YES;
				CLANG_WARN_OBJC_LITERAL_CONVERSION = YES;
				CLANG_WARN_OBJC_ROOT_CLASS = YES_ERROR;
				CLANG_WARN_QUOTED_INCLUDE_IN_FRAMEWORK_HEADER = YES;
				CLANG_WARN_RANGE_LOOP_ANALYSIS = YES;
				CLANG_WARN_STRICT_PROTOTYPES = YES;
				CLANG_WARN_SUSPICIOUS_MOVE = YES;
				CLANG_WARN_UNGUARDED_AVAILABILITY = YES_AGGRESSIVE;
				CLANG_WARN_UNREACHABLE_CODE = YES;
				CLANG_WARN__DUPLICATE_METHOD_MATCH = YES;
				COPY_PHASE_STRIP = NO;
				DEBUG_INFORMATION_FORMAT = "dwarf-with-dsym";
				ENABLE_NS_ASSERTIONS = NO;
				ENABLE_STRICT_OBJC_MSGSEND = YES;
				GCC_C_LANGUAGE_STANDARD = gnu11;
				GCC_NO_COMMON_BLOCKS = YES;
				GCC_WARN_64_TO_32_BIT_CONVERSION = YES;
				GCC_WARN_ABOUT_RETURN_TYPE = YES_ERROR;
				GCC_WARN_UNDECLARED_SELECTOR = YES;
				GCC_WARN_UNINITIALIZED_AUTOS = YES_AGGRESSIVE;
				GCC_WARN_UNUSED_FUNCTION = YES;
				GCC_WARN_UNUSED_VARIABLE = YES;
				IPHONEOS_DEPLOYMENT_TARGET = 14.3;
				MTL_ENABLE_DEBUG_INFO = NO;
				MTL_FAST_MATH = YES;
				SDKROOT = iphoneos;
				SWIFT_COMPILATION_MODE = wholemodule;
				SWIFT_OPTIMIZATION_LEVEL = "-O";
				VALIDATE_PRODUCT = YES;
			};
			name = Release;
		};
		9C3155BC25A0CB2B005912B9 /* Debug */ = {
			isa = XCBuildConfiguration;
			buildSettings = {
				ASSETCATALOG_COMPILER_APPICON_NAME = AppIcon;
				ASSETCATALOG_COMPILER_GLOBAL_ACCENT_COLOR_NAME = AccentColor;
				CODE_SIGN_STYLE = Automatic;
				INFOPLIST_FILE = MasterDetail/Info.plist;
				LD_RUNPATH_SEARCH_PATHS = (
					"$(inherited)",
					"@executable_path/Frameworks",
				);
				PRODUCT_BUNDLE_IDENTIFIER = io.github.akueisara.MasterDetail;
				PRODUCT_NAME = "$(TARGET_NAME)";
				SWIFT_VERSION = 5.0;
				TARGETED_DEVICE_FAMILY = "1,2";
			};
			name = Debug;
		};
		9C3155BD25A0CB2B005912B9 /* Release */ = {
			isa = XCBuildConfiguration;
			buildSettings = {
				ASSETCATALOG_COMPILER_APPICON_NAME = AppIcon;
				ASSETCATALOG_COMPILER_GLOBAL_ACCENT_COLOR_NAME = AccentColor;
				CODE_SIGN_STYLE = Automatic;
				INFOPLIST_FILE = MasterDetail/Info.plist;
				LD_RUNPATH_SEARCH_PATHS = (
					"$(inherited)",
					"@executable_path/Frameworks",
				);
				PRODUCT_BUNDLE_IDENTIFIER = io.github.akueisara.MasterDetail;
				PRODUCT_NAME = "$(TARGET_NAME)";
				SWIFT_VERSION = 5.0;
				TARGETED_DEVICE_FAMILY = "1,2";
			};
			name = Release;
		};
		9C3155BF25A0CB2B005912B9 /* Debug */ = {
			isa = XCBuildConfiguration;
			buildSettings = {
				ALWAYS_EMBED_SWIFT_STANDARD_LIBRARIES = YES;
				BUNDLE_LOADER = "$(TEST_HOST)";
				CODE_SIGN_STYLE = Automatic;
				INFOPLIST_FILE = MasterDetailTests/Info.plist;
				IPHONEOS_DEPLOYMENT_TARGET = 14.3;
				LD_RUNPATH_SEARCH_PATHS = (
					"$(inherited)",
					"@executable_path/Frameworks",
					"@loader_path/Frameworks",
				);
				PRODUCT_BUNDLE_IDENTIFIER = io.github.akueisara.MasterDetailTests;
				PRODUCT_NAME = "$(TARGET_NAME)";
				SWIFT_VERSION = 5.0;
				TARGETED_DEVICE_FAMILY = "1,2";
				TEST_HOST = "$(BUILT_PRODUCTS_DIR)/MasterDetail.app/MasterDetail";
			};
			name = Debug;
		};
		9C3155C025A0CB2B005912B9 /* Release */ = {
			isa = XCBuildConfiguration;
			buildSettings = {
				ALWAYS_EMBED_SWIFT_STANDARD_LIBRARIES = YES;
				BUNDLE_LOADER = "$(TEST_HOST)";
				CODE_SIGN_STYLE = Automatic;
				INFOPLIST_FILE = MasterDetailTests/Info.plist;
				IPHONEOS_DEPLOYMENT_TARGET = 14.3;
				LD_RUNPATH_SEARCH_PATHS = (
					"$(inherited)",
					"@executable_path/Frameworks",
					"@loader_path/Frameworks",
				);
				PRODUCT_BUNDLE_IDENTIFIER = io.github.akueisara.MasterDetailTests;
				PRODUCT_NAME = "$(TARGET_NAME)";
				SWIFT_VERSION = 5.0;
				TARGETED_DEVICE_FAMILY = "1,2";
				TEST_HOST = "$(BUILT_PRODUCTS_DIR)/MasterDetail.app/MasterDetail";
			};
			name = Release;
		};
		9C3155C225A0CB2B005912B9 /* Debug */ = {
			isa = XCBuildConfiguration;
			buildSettings = {
				ALWAYS_EMBED_SWIFT_STANDARD_LIBRARIES = YES;
				CODE_SIGN_STYLE = Automatic;
				INFOPLIST_FILE = MasterDetailUITests/Info.plist;
				LD_RUNPATH_SEARCH_PATHS = (
					"$(inherited)",
					"@executable_path/Frameworks",
					"@loader_path/Frameworks",
				);
				PRODUCT_BUNDLE_IDENTIFIER = io.github.akueisara.MasterDetailUITests;
				PRODUCT_NAME = "$(TARGET_NAME)";
				SWIFT_VERSION = 5.0;
				TARGETED_DEVICE_FAMILY = "1,2";
				TEST_TARGET_NAME = MasterDetail;
			};
			name = Debug;
		};
		9C3155C325A0CB2B005912B9 /* Release */ = {
			isa = XCBuildConfiguration;
			buildSettings = {
				ALWAYS_EMBED_SWIFT_STANDARD_LIBRARIES = YES;
				CODE_SIGN_STYLE = Automatic;
				INFOPLIST_FILE = MasterDetailUITests/Info.plist;
				LD_RUNPATH_SEARCH_PATHS = (
					"$(inherited)",
					"@executable_path/Frameworks",
					"@loader_path/Frameworks",
				);
				PRODUCT_BUNDLE_IDENTIFIER = io.github.akueisara.MasterDetailUITests;
				PRODUCT_NAME = "$(TARGET_NAME)";
				SWIFT_VERSION = 5.0;
				TARGETED_DEVICE_FAMILY = "1,2";
				TEST_TARGET_NAME = MasterDetail;
			};
			name = Release;
		};
/* End XCBuildConfiguration section */

/* Begin XCConfigurationList section */
		9C31558C25A0CB29005912B9 /* Build configuration list for PBXProject "MasterDetail" */ = {
			isa = XCConfigurationList;
			buildConfigurations = (
				9C3155B925A0CB2B005912B9 /* Debug */,
				9C3155BA25A0CB2B005912B9 /* Release */,
			);
			defaultConfigurationIsVisible = 0;
			defaultConfigurationName = Release;
		};
		9C3155BB25A0CB2B005912B9 /* Build configuration list for PBXNativeTarget "MasterDetail" */ = {
			isa = XCConfigurationList;
			buildConfigurations = (
				9C3155BC25A0CB2B005912B9 /* Debug */,
				9C3155BD25A0CB2B005912B9 /* Release */,
			);
			defaultConfigurationIsVisible = 0;
			defaultConfigurationName = Release;
		};
		9C3155BE25A0CB2B005912B9 /* Build configuration list for PBXNativeTarget "MasterDetailTests" */ = {
			isa = XCConfigurationList;
			buildConfigurations = (
				9C3155BF25A0CB2B005912B9 /* Debug */,
				9C3155C025A0CB2B005912B9 /* Release */,
			);
			defaultConfigurationIsVisible = 0;
			defaultConfigurationName = Release;
		};
		9C3155C125A0CB2B005912B9 /* Build configuration list for PBXNativeTarget "MasterDetailUITests" */ = {
			isa = XCConfigurationList;
			buildConfigurations = (
				9C3155C225A0CB2B005912B9 /* Debug */,
				9C3155C325A0CB2B005912B9 /* Release */,
			);
			defaultConfigurationIsVisible = 0;
			defaultConfigurationName = Release;
		};
/* End XCConfigurationList section */
	};
	rootObject = 9C31558925A0CB29005912B9 /* Project object */;
}
